
Microsoft Visual Studio Solution File, Format Version 12.00
# Visual Studio Version 16
VisualStudioVersion = 16.0.30711.63
MinimumVisualStudioVersion = 10.0.40219.1
Project("{2150E333-8FDC-42A3-9474-1A3956D46DE8}") = "Kontrer.OwnerClient", "Kontrer.OwnerClient", "{57BBB39E-7EE9-4C90-8CBB-3820E13E5E01}"
EndProject
Project("{2150E333-8FDC-42A3-9474-1A3956D46DE8}") = "Kontrer.OwnerServer", "Kontrer.OwnerServer", "{027424FD-BF04-4D83-837E-EA2912E4AED1}"
EndProject
Project("{2150E333-8FDC-42A3-9474-1A3956D46DE8}") = "2 - Kontrer.OwnerClient.Business", "2 - Kontrer.OwnerClient.Business", "{5195E098-A486-4618-8B4E-D544CAC6EC5C}"
EndProject
Project("{2150E333-8FDC-42A3-9474-1A3956D46DE8}") = "3 - Kontrer.OwnerClient.UI", "3 - Kontrer.OwnerClient.UI", "{F5E78D67-7223-44BE-9B48-126DD36FFF84}"
EndProject
Project("{2150E333-8FDC-42A3-9474-1A3956D46DE8}") = "1 - Kontrer.OwnerClient.Data", "1 - Kontrer.OwnerClient.Data", "{80BFEF7A-1E07-4503-8AFF-BDC5EF0064D6}"
EndProject
Project("{9A19103F-16F7-4668-BE54-9A1E7A4F7556}") = "Kontrer.OwnerClient.Shared", "Kontrer.OwnerClient.Shared\Kontrer.OwnerClient.Shared.csproj", "{C0F24F9C-E415-4F2D-A5FE-AD2299DF9165}"
EndProject
Project("{9A19103F-16F7-4668-BE54-9A1E7A4F7556}") = "Kontrer.OwnerClient.UI.WPF", "Kontrer.OwnerClient.UI.WPF\Kontrer.OwnerClient.UI.WPF.csproj", "{C05ACB45-94AF-4B24-B8D1-EF140678ECE6}"
EndProject
Project("{9A19103F-16F7-4668-BE54-9A1E7A4F7556}") = "Kontrer.OwnerClient.UI.WPF.Tests", "Kontrer.OwnerClient.UI.WPF.Tests\Kontrer.OwnerClient.UI.WPF.Tests.csproj", "{EA8490E8-EA80-4D25-B2DA-73D3D4C50AB7}"
EndProject
Project("{9A19103F-16F7-4668-BE54-9A1E7A4F7556}") = "Kontrer.OwnerClient.Bootstrapper.Windows", "Kontrer.OwnerClient.Bootstrapper.Windows\Kontrer.OwnerClient.Bootstrapper.Windows.csproj", "{C3B2033C-23FD-4754-B4B6-BCEDCCD5F2E7}"
EndProject
Project("{9A19103F-16F7-4668-BE54-9A1E7A4F7556}") = "Kontrer.OwnerClient.Bootstrapper.Windows.Tests", "Kontrer.OwnerClient.Bootstrapper.Windows.Tests\Kontrer.OwnerClient.Bootstrapper.Windows.Tests.csproj", "{CB2E51D9-B7BA-42D8-8A92-8F888ED08FD0}"
EndProject
Project("{9A19103F-16F7-4668-BE54-9A1E7A4F7556}") = "Kontrer.OwnerClient.UI.Abstraction", "Kontrer.OwnerClient.UI.Abstraction\Kontrer.OwnerClient.UI.Abstraction.csproj", "{AAEB41A3-F0E8-4723-8B19-2132B874F8FD}"
EndProject
Project("{9A19103F-16F7-4668-BE54-9A1E7A4F7556}") = "Kontrer.OwnerClient.Business", "Kontrer.OwnerClient.Business\Kontrer.OwnerClient.Business.csproj", "{D1CEC829-29A4-46A7-A8D9-0D9EA72DB290}"
EndProject
Project("{9A19103F-16F7-4668-BE54-9A1E7A4F7556}") = "Kontrer.OwnerClient.Business.Abstraction", "Kontrer.OwnerClient.Business.Abstraction\Kontrer.OwnerClient.Business.Abstraction.csproj", "{9273351E-8726-47A1-97C5-8C04FBF4A8CA}"
EndProject
Project("{9A19103F-16F7-4668-BE54-9A1E7A4F7556}") = "Kontrer.OwnerClient.Data", "Kontrer.OwnerClient.Data\Kontrer.OwnerClient.Data.csproj", "{DE479972-C41A-4684-87F5-DE13997AAD55}"
EndProject
Project("{9A19103F-16F7-4668-BE54-9A1E7A4F7556}") = "Kontrer.OwnerClient.Data.Abstraction", "Kontrer.OwnerClient.Data.Abstraction\Kontrer.OwnerClient.Data.Abstraction.csproj", "{E17FD116-47D8-4B04-9034-ADC035D8CCD3}"
EndProject
Project("{9A19103F-16F7-4668-BE54-9A1E7A4F7556}") = "Kontrer.Shared", "Kontrer.Shared\Kontrer.Shared.csproj", "{FEF51AA5-98FC-4C1B-B2AD-BF8CC4F8DCED}"
EndProject
Project("{2150E333-8FDC-42A3-9474-1A3956D46DE8}") = "Solution Items", "Solution Items", "{A40C24CA-4030-4A7C-BEF1-22BB898CCD68}"
	ProjectSection(SolutionItems) = preProject
		.editorconfig = .editorconfig
		tye.yaml = tye.yaml
	EndProjectSection
EndProject
Project("{9A19103F-16F7-4668-BE54-9A1E7A4F7556}") = "Kontrer.Shared.Tests", "Kontrer.Shared.Tests\Kontrer.Shared.Tests.csproj", "{BEFA9F76-0A21-4ADE-A54D-534FCA8BF9AB}"
EndProject
Project("{2150E333-8FDC-42A3-9474-1A3956D46DE8}") = "Kontrer.OwnerServer.PdfCreatorService", "Kontrer.OwnerServer.PdfCreatorService", "{F6F89EA0-279A-4493-AE63-B686B26CC1BC}"
EndProject
Project("{2150E333-8FDC-42A3-9474-1A3956D46DE8}") = "Kontrer.OwnerServer.PricingService", "Kontrer.OwnerServer.PricingService", "{E67FE4DE-7AF6-4FB7-B0CD-805EC458C76A}"
EndProject
Project("{2150E333-8FDC-42A3-9474-1A3956D46DE8}") = "Kontrer.OwnerServer.CustomerService", "Kontrer.OwnerServer.CustomerService", "{0A0ADA3B-BEF2-4A91-9375-E9217F089FC2}"
EndProject
Project("{2150E333-8FDC-42A3-9474-1A3956D46DE8}") = "1 - Kontrer.OwnerServer.CustomerService.Data", "1 - Kontrer.OwnerServer.CustomerService.Data", "{82B56D1B-6AB8-40D5-AE14-6B37D13402FA}"
EndProject
Project("{9A19103F-16F7-4668-BE54-9A1E7A4F7556}") = "Kontrer.OwnerServer.CustomerService.Data", "Kontrer.OwnerServer.CustomerService.Data\Kontrer.OwnerServer.CustomerService.Data.csproj", "{90F0E0C4-5FC3-4949-8390-D2C2F764887E}"
EndProject
Project("{9A19103F-16F7-4668-BE54-9A1E7A4F7556}") = "Kontrer.OwnerServer.CustomerService.Data.Abstraction", "Kontrer.OwnerServer.CustomerService.Data.Abstraction\Kontrer.OwnerServer.CustomerService.Data.Abstraction.csproj", "{31778053-C4DA-4B5B-9D5D-D9DB7CCAE92D}"
EndProject
Project("{2150E333-8FDC-42A3-9474-1A3956D46DE8}") = "Kontrer.OwnerServer.Shared", "Kontrer.OwnerServer.Shared", "{43515AD6-D565-4FD8-9328-C7E53E12692A}"
EndProject
Project("{2150E333-8FDC-42A3-9474-1A3956D46DE8}") = "Kontrer.OwnerServer.Shared.Data", "Kontrer.OwnerServer.Shared.Data", "{49B07044-BACA-4E0E-9B58-87583883FDED}"
EndProject
Project("{9A19103F-16F7-4668-BE54-9A1E7A4F7556}") = "Kontrer.OwnerServer.Shared.Data.Abstraction", "src\OwnerServer\Shared\Data\Kontrer.OwnerServer.Shared.Data.Abstraction\Kontrer.OwnerServer.Shared.Data.Abstraction.csproj", "{2F9AD315-81BF-41D3-B58F-78B0D068C45B}"
EndProject
Project("{2150E333-8FDC-42A3-9474-1A3956D46DE8}") = "2 - Kontrer.OwnerServer.CustomerService.Business", "2 - Kontrer.OwnerServer.CustomerService.Business", "{62F9A6F7-28C7-40F8-B8AA-C7C76BB20CFE}"
EndProject
Project("{9A19103F-16F7-4668-BE54-9A1E7A4F7556}") = "Kontrer.OwnerServer.CustomerService.Business.Abstraction", "Kontrer.OwnerServer.CustomerService.Business.Abstraction\Kontrer.OwnerServer.CustomerService.Business.Abstraction.csproj", "{D7EF0C39-CD35-4341-A3AB-1C6E4AB77AE0}"
EndProject
Project("{9A19103F-16F7-4668-BE54-9A1E7A4F7556}") = "Kontrer.OwnerServer.CustomerService.Business", "Kontrer.OwnerServer.CustomerService.Business\Kontrer.OwnerServer.CustomerService.Business.csproj", "{BB821E46-17DC-41E7-A539-A7E2D19ED24F}"
EndProject
Project("{2150E333-8FDC-42A3-9474-1A3956D46DE8}") = "3 - Kontrer.OwnerServer.CustomerService.Presentation", "3 - Kontrer.OwnerServer.CustomerService.Presentation", "{F3BF9B2F-64D6-4BA9-B25A-0534BA716D87}"
EndProject
Project("{9A19103F-16F7-4668-BE54-9A1E7A4F7556}") = "Kontrer.OwnerServer.CustomerService.Presentation.AspApi", "Kontrer.OwnerServer.CustomerService.Presentation.AspApi\Kontrer.OwnerServer.CustomerService.Presentation.AspApi.csproj", "{78A15906-8267-4540-92C4-7D9CFE5874A4}"
EndProject
Project("{2150E333-8FDC-42A3-9474-1A3956D46DE8}") = "1 - Kontrer.OwnerServer.PdfCreatorService.Data", "1 - Kontrer.OwnerServer.PdfCreatorService.Data", "{B33DFE79-85D3-4824-83BA-C67F24C8DD42}"
EndProject
Project("{2150E333-8FDC-42A3-9474-1A3956D46DE8}") = "2 - Kontrer.OwnerServer.PdfCreatorService.Business", "2 - Kontrer.OwnerServer.PdfCreatorService.Business", "{95EA29C2-A77A-4CDC-8F56-A7F800E35B55}"
EndProject
Project("{2150E333-8FDC-42A3-9474-1A3956D46DE8}") = "3 - Kontrer.OwnerServer.PdfCreatorService.Presentation", "3 - Kontrer.OwnerServer.PdfCreatorService.Presentation", "{A47201C4-B7AC-4BF3-8C9A-741CE42C1ACC}"
EndProject
Project("{9A19103F-16F7-4668-BE54-9A1E7A4F7556}") = "Kontrer.OwnerServer.PdfCreatorService.Presentation.Abstract", "Kontrer.OwnerServer.PdfCreatorService.Presentation.Abstract\Kontrer.OwnerServer.PdfCreatorService.Presentation.Abstract.csproj", "{C021ED38-077F-4EA9-80AE-07C5D860762D}"
EndProject
Project("{9A19103F-16F7-4668-BE54-9A1E7A4F7556}") = "Kontrer.OwnerServer.CustomerService.Presentation.Tests", "Kontrer.OwnerServer.CustomerService.Presentation.Tests\Kontrer.OwnerServer.CustomerService.Presentation.Tests.csproj", "{EE369449-9125-4E7D-8142-22A77875D073}"
EndProject
Project("{9A19103F-16F7-4668-BE54-9A1E7A4F7556}") = "Kontrer.OwnerServer.PdfCreatorService.Presentation.AspApi", "Kontrer.OwnerServer.PdfCreatorService.Presentation.AspApi\Kontrer.OwnerServer.PdfCreatorService.Presentation.AspApi.csproj", "{64509147-2180-49DA-958B-4DDF88CE2B60}"
EndProject
Project("{2150E333-8FDC-42A3-9474-1A3956D46DE8}") = "Kontrer.OwnerServer.OrderService", "Kontrer.OwnerServer.OrderService", "{63568DA1-5067-4909-8FE5-F402D8407720}"
EndProject
Project("{2150E333-8FDC-42A3-9474-1A3956D46DE8}") = "1 - Kontrer.OwnerServer.OrderService.Data", "1 - Kontrer.OwnerServer.OrderService.Data", "{1D71FED1-7832-4461-A59D-1129ED91E2F6}"
EndProject
Project("{2150E333-8FDC-42A3-9474-1A3956D46DE8}") = "2 - Kontrer.OwnerServer.OrderService.Business", "2 - Kontrer.OwnerServer.OrderService.Business", "{9E697CB0-2AA9-4472-989A-737CFD83B260}"
EndProject
Project("{2150E333-8FDC-42A3-9474-1A3956D46DE8}") = "3 - Kontrer.OwnerServer.OrderService.Presentation", "3 - Kontrer.OwnerServer.OrderService.Presentation", "{E67F037B-2610-4F51-9102-04DA71FE6843}"
EndProject
Project("{9A19103F-16F7-4668-BE54-9A1E7A4F7556}") = "Kontrer.OwnerServer.OrderService.Business.Abstraction", "Kontrer.OwnerServer.OrderService.Business.Abstraction\Kontrer.OwnerServer.OrderService.Business.Abstraction.csproj", "{F893245A-D3B7-4B1B-A96A-2740DC0EEE8C}"
EndProject
Project("{9A19103F-16F7-4668-BE54-9A1E7A4F7556}") = "Kontrer.OwnerServer.OrderService.Data.Abstraction", "Kontrer.OwnerServer.OrderService.Data.Abstraction\Kontrer.OwnerServer.OrderService.Data.Abstraction.csproj", "{9CCEFD04-97A8-4314-9BB4-1041FBD120CA}"
EndProject
Project("{9A19103F-16F7-4668-BE54-9A1E7A4F7556}") = "Kontrer.OwnerServer.OrderService.Data", "Kontrer.OwnerServer.OrderService.Data\Kontrer.OwnerServer.OrderService.Data.csproj", "{DCDBBA0D-52FE-4775-88C6-C4724F9CBD99}"
EndProject
Project("{2150E333-8FDC-42A3-9474-1A3956D46DE8}") = "1 - Kontrer.OwnerServer.PricingService.Infrastructure", "1 - Kontrer.OwnerServer.PricingService.Infrastructure", "{E4789728-07E7-431E-BD89-52F5D7E1C69E}"
EndProject
Project("{9A19103F-16F7-4668-BE54-9A1E7A4F7556}") = "Kontrer.OwnerServer.PricingService.Infrastructure", "Kontrer.OwnerServer.PricingService.Infrastructure\Kontrer.OwnerServer.PricingService.Infrastructure.csproj", "{D712DF91-2190-4BC9-ACF7-161E2D8F0D96}"
EndProject
Project("{2150E333-8FDC-42A3-9474-1A3956D46DE8}") = "2 - Kontrer.OwnerServer.PricingService.Application", "2 - Kontrer.OwnerServer.PricingService.Application", "{5A3CEB08-57CC-4E59-82F3-930A1CC685CF}"
EndProject
Project("{9A19103F-16F7-4668-BE54-9A1E7A4F7556}") = "Kontrer.OwnerServer.PricingService.Application", "Kontrer.OwnerServer.PricingService.Application\Kontrer.OwnerServer.PricingService.Application.csproj", "{76BB30E3-1F19-4161-B9D9-3E088F33F9CD}"
EndProject
Project("{9A19103F-16F7-4668-BE54-9A1E7A4F7556}") = "Kontrer.OwnerServer.PricingService.Application.Tests", "Kontrer.OwnerServer.PricingService.Application.Tests\Kontrer.OwnerServer.PricingService.Application.Tests.csproj", "{DB931DC3-BC9E-4187-A8DC-9B84C4B6E934}"
EndProject
Project("{2150E333-8FDC-42A3-9474-1A3956D46DE8}") = "Kontrer.OwnerServer.Shared.MicroService", "Kontrer.OwnerServer.Shared.MicroService", "{5AA9BA8F-745B-4513-88A1-F5CD7043C51E}"
EndProject
Project("{2150E333-8FDC-42A3-9474-1A3956D46DE8}") = "3 - Kontrer.OwnerServer.PricingService.Presentation", "3 - Kontrer.OwnerServer.PricingService.Presentation", "{CE696D5A-3DAC-44E2-9B8A-771158CD38DD}"
EndProject
Project("{9A19103F-16F7-4668-BE54-9A1E7A4F7556}") = "Kontrer.OwnerServer.PricingService.Presentation.Abstraction", "Kontrer.OwnerServer.PricingService.Presentation.Abstraction\Kontrer.OwnerServer.PricingService.Presentation.Abstraction.csproj", "{63989315-89F1-4AB2-A17B-E9ABD522F78E}"
EndProject
Project("{9A19103F-16F7-4668-BE54-9A1E7A4F7556}") = "Kontrer.OwnerServer.PricingService.Presentation.AspApi", "Kontrer.OwnerServer.PricingService.Presentation.AspApi\Kontrer.OwnerServer.PricingService.Presentation.AspApi.csproj", "{384DB3D7-E7DD-45C5-8DCC-5576EA549C47}"
EndProject
Project("{9A19103F-16F7-4668-BE54-9A1E7A4F7556}") = "Kontrer.OwnerServer.Shared.MicroService.Abstraction", "Kontrer.OwnerServer.Shared.MicroService.Abstraction\Kontrer.OwnerServer.Shared.MicroService.Abstraction.csproj", "{DB28005B-834A-40C6-AF02-862D80DC052F}"
EndProject
Project("{9A19103F-16F7-4668-BE54-9A1E7A4F7556}") = "Kontrer.OwnerServer.Shared.MicroService.Dapr", "Kontrer.OwnerServer.Shared.MicroService.Dapr\Kontrer.OwnerServer.Shared.MicroService.Dapr.csproj", "{704652A2-C428-44F5-8F9F-46EF5FD70A80}"
EndProject
Project("{2150E333-8FDC-42A3-9474-1A3956D46DE8}") = "Kontrer.OwnerServer.Shared.MicroService.Asp", "Kontrer.OwnerServer.Shared.MicroService.Asp", "{BCCAB445-1862-4094-A69F-295C850674B7}"
EndProject
Project("{9A19103F-16F7-4668-BE54-9A1E7A4F7556}") = "Kontrer.OwnerServer.Shared.MicroService.Asp.Dapr", "Kontrer.OwnerServer.Shared.MicroService.Asp.Dapr\Kontrer.OwnerServer.Shared.MicroService.Asp.Dapr.csproj", "{1631ECD6-B51E-4559-953F-A1AEF22DE87D}"
EndProject
Project("{2150E333-8FDC-42A3-9474-1A3956D46DE8}") = "Kontrer.Shared", "Kontrer.Shared", "{4DD65258-5BC8-4506-BC35-5407321D32AE}"
EndProject
Project("{2150E333-8FDC-42A3-9474-1A3956D46DE8}") = "Kontrer.Shared.Localizator", "Kontrer.Shared.Localizator", "{7C9703B7-1D17-4961-91D5-E21BF3D843A2}"
EndProject
Project("{9A19103F-16F7-4668-BE54-9A1E7A4F7556}") = "Kontrer.Shared.Localizator.Abstraction", "Kontrer.Shared.Localizator.Abstraction\Kontrer.Shared.Localizator.Abstraction.csproj", "{6A9A3542-072B-4D86-B771-1EF518C8FFE5}"
EndProject
Project("{9A19103F-16F7-4668-BE54-9A1E7A4F7556}") = "Kontrer.Shared.Localizator.EF", "Kontrer.Shared.Localizator.EF\Kontrer.Shared.Localizator.EF.csproj", "{09E7B628-E0D4-45A8-9ABE-A9EAFC7923CD}"
EndProject
Project("{9A19103F-16F7-4668-BE54-9A1E7A4F7556}") = "Kontrer.OwnerServer.OrderService.Business", "Kontrer.OwnerServer.OrderService.Business\Kontrer.OwnerServer.OrderService.Business.csproj", "{E23E192F-FC3C-4C20-9C6E-6362F343D2D0}"
EndProject
Project("{9A19103F-16F7-4668-BE54-9A1E7A4F7556}") = "Kontrer.OwnerServer.Shared.MicroService.Asp.Bootstrapper", "Kontrer.OwnerServer.Shared.MicroService.Asp.Bootstrapper\Kontrer.OwnerServer.Shared.MicroService.Asp.Bootstrapper.csproj", "{B3871DC5-D19D-45AA-BDEE-DD90D3225BBC}"
EndProject
Project("{9A19103F-16F7-4668-BE54-9A1E7A4F7556}") = "Kontrer.OwnerServer.OrderService.Presentation.AspApi", "Kontrer.OwnerServer.OrderService.Presentation.AspApi\Kontrer.OwnerServer.OrderService.Presentation.AspApi.csproj", "{D2F2E6EF-3315-4E07-A447-5DE5A503F5EE}"
EndProject
Project("{9A19103F-16F7-4668-BE54-9A1E7A4F7556}") = "Kontrer.OwnerServer.OrderService.Shared", "Kontrer.OwnerServer.OrderService.Shared\Kontrer.OwnerServer.OrderService.Shared.csproj", "{D333CD98-F7DA-4DEF-BACF-C816DA23A725}"
EndProject
Project("{9A19103F-16F7-4668-BE54-9A1E7A4F7556}") = "Kontrer.OwnerServer.IdGeneratorService.Presentation.AspApi", "OwnerServer\IdGeneratorService\Presentation\Kontrer.OwnerServer.IdGeneratorService.Presentation.AspApi\Kontrer.OwnerServer.IdGeneratorService.Presentation.AspApi.csproj", "{8B52CDDE-F9B2-4F86-B3DB-3AEB8E9603F3}"
EndProject
Project("{2150E333-8FDC-42A3-9474-1A3956D46DE8}") = "Kontrer.OwnerServer.IdGeneratorService", "Kontrer.OwnerServer.IdGeneratorService", "{871B6CBE-70DF-47D3-AD00-E23DF3FEA266}"
EndProject
Project("{2150E333-8FDC-42A3-9474-1A3956D46DE8}") = "Kontrer.OwnerServer.IdGeneratorService.Presentation", "Kontrer.OwnerServer.IdGeneratorService.Presentation", "{4D52BD97-C994-4652-AB94-E404AAE3F540}"
EndProject
Project("{9A19103F-16F7-4668-BE54-9A1E7A4F7556}") = "Kontrer.OwnerServer.IdGeneratorService.Presentation.AspApiTests", "OwnerServer\IdGeneratorService\Presentation\Kontrer.OwnerServer.IdGeneratorService.Presentation.AspApiTests\Kontrer.OwnerServer.IdGeneratorService.Presentation.AspApiTests.csproj", "{9B3BF23F-8E2C-4F73-BB37-D906820D36C4}"
EndProject
Project("{9A19103F-16F7-4668-BE54-9A1E7A4F7556}") = "Kontrer.OwnerServer.IdGeneratorService.Presentation.Abstraction", "OwnerServer\IdGeneratorService\Presentation\Kontrer.OwnerServer.IdGeneratorService.Presentation.Abstraction\Kontrer.OwnerServer.IdGeneratorService.Presentation.Abstraction.csproj", "{DAB28584-4F8A-46DE-B46C-5799FD298C9C}"
EndProject
Project("{2150E333-8FDC-42A3-9474-1A3956D46DE8}") = "Kontrer.OwnerServer.OfferService", "Kontrer.OwnerServer.OfferService", "{AF685BC0-4C70-4017-B228-3D2ED3B504A0}"
EndProject
Project("{9A19103F-16F7-4668-BE54-9A1E7A4F7556}") = "Kontrer.OwnerServer.Shared.Data.EF", "src\OwnerServer\Shared\Data\Kontrer.OwnerServer.Shared.Data.EF\Kontrer.OwnerServer.Shared.Data.EF.csproj", "{536A334D-121E-41DD-9CC4-5B703AE66137}"
EndProject
Project("{9A19103F-16F7-4668-BE54-9A1E7A4F7556}") = "Kontrer.OwnerServer.Shared.Data.EF.Tests", "src\OwnerServer\Shared\Data\Kontrer.OwnerServer.Shared.Data.EF.Tests\Kontrer.OwnerServer.Shared.Data.EF.Tests.csproj", "{7FEEAE11-047B-4488-AACD-D3950157CB32}"
EndProject
Project("{FAE04EC0-301F-11D3-BF4B-00C04F79EFBC}") = "Kontrer.OwnerServer.PricingService.Infrastructure.Tests", "OwnerServer\PricingService\Infrastructure\Kontrer.OwnerServer.PricingService.Infrastructure.Tests\Kontrer.OwnerServer.PricingService.Infrastructure.Tests.csproj", "{4436EC88-11DD-4FD6-8D2C-41D560D953D0}"
EndProject
Global
	GlobalSection(SolutionConfigurationPlatforms) = preSolution
		Debug|Any CPU = Debug|Any CPU
		Release|Any CPU = Release|Any CPU
	EndGlobalSection
	GlobalSection(ProjectConfigurationPlatforms) = postSolution
		{C0F24F9C-E415-4F2D-A5FE-AD2299DF9165}.Debug|Any CPU.ActiveCfg = Debug|Any CPU
		{C0F24F9C-E415-4F2D-A5FE-AD2299DF9165}.Debug|Any CPU.Build.0 = Debug|Any CPU
		{C0F24F9C-E415-4F2D-A5FE-AD2299DF9165}.Release|Any CPU.ActiveCfg = Release|Any CPU
		{C0F24F9C-E415-4F2D-A5FE-AD2299DF9165}.Release|Any CPU.Build.0 = Release|Any CPU
		{C05ACB45-94AF-4B24-B8D1-EF140678ECE6}.Debug|Any CPU.ActiveCfg = Debug|Any CPU
		{C05ACB45-94AF-4B24-B8D1-EF140678ECE6}.Debug|Any CPU.Build.0 = Debug|Any CPU
		{C05ACB45-94AF-4B24-B8D1-EF140678ECE6}.Release|Any CPU.ActiveCfg = Release|Any CPU
		{C05ACB45-94AF-4B24-B8D1-EF140678ECE6}.Release|Any CPU.Build.0 = Release|Any CPU
		{EA8490E8-EA80-4D25-B2DA-73D3D4C50AB7}.Debug|Any CPU.ActiveCfg = Debug|Any CPU
		{EA8490E8-EA80-4D25-B2DA-73D3D4C50AB7}.Debug|Any CPU.Build.0 = Debug|Any CPU
		{EA8490E8-EA80-4D25-B2DA-73D3D4C50AB7}.Release|Any CPU.ActiveCfg = Release|Any CPU
		{EA8490E8-EA80-4D25-B2DA-73D3D4C50AB7}.Release|Any CPU.Build.0 = Release|Any CPU
		{C3B2033C-23FD-4754-B4B6-BCEDCCD5F2E7}.Debug|Any CPU.ActiveCfg = Debug|Any CPU
		{C3B2033C-23FD-4754-B4B6-BCEDCCD5F2E7}.Debug|Any CPU.Build.0 = Debug|Any CPU
		{C3B2033C-23FD-4754-B4B6-BCEDCCD5F2E7}.Release|Any CPU.ActiveCfg = Release|Any CPU
		{C3B2033C-23FD-4754-B4B6-BCEDCCD5F2E7}.Release|Any CPU.Build.0 = Release|Any CPU
		{CB2E51D9-B7BA-42D8-8A92-8F888ED08FD0}.Debug|Any CPU.ActiveCfg = Debug|Any CPU
		{CB2E51D9-B7BA-42D8-8A92-8F888ED08FD0}.Debug|Any CPU.Build.0 = Debug|Any CPU
		{CB2E51D9-B7BA-42D8-8A92-8F888ED08FD0}.Release|Any CPU.ActiveCfg = Release|Any CPU
		{CB2E51D9-B7BA-42D8-8A92-8F888ED08FD0}.Release|Any CPU.Build.0 = Release|Any CPU
		{AAEB41A3-F0E8-4723-8B19-2132B874F8FD}.Debug|Any CPU.ActiveCfg = Debug|Any CPU
		{AAEB41A3-F0E8-4723-8B19-2132B874F8FD}.Debug|Any CPU.Build.0 = Debug|Any CPU
		{AAEB41A3-F0E8-4723-8B19-2132B874F8FD}.Release|Any CPU.ActiveCfg = Release|Any CPU
		{AAEB41A3-F0E8-4723-8B19-2132B874F8FD}.Release|Any CPU.Build.0 = Release|Any CPU
		{D1CEC829-29A4-46A7-A8D9-0D9EA72DB290}.Debug|Any CPU.ActiveCfg = Debug|Any CPU
		{D1CEC829-29A4-46A7-A8D9-0D9EA72DB290}.Debug|Any CPU.Build.0 = Debug|Any CPU
		{D1CEC829-29A4-46A7-A8D9-0D9EA72DB290}.Release|Any CPU.ActiveCfg = Release|Any CPU
		{D1CEC829-29A4-46A7-A8D9-0D9EA72DB290}.Release|Any CPU.Build.0 = Release|Any CPU
		{9273351E-8726-47A1-97C5-8C04FBF4A8CA}.Debug|Any CPU.ActiveCfg = Debug|Any CPU
		{9273351E-8726-47A1-97C5-8C04FBF4A8CA}.Debug|Any CPU.Build.0 = Debug|Any CPU
		{9273351E-8726-47A1-97C5-8C04FBF4A8CA}.Release|Any CPU.ActiveCfg = Release|Any CPU
		{9273351E-8726-47A1-97C5-8C04FBF4A8CA}.Release|Any CPU.Build.0 = Release|Any CPU
		{DE479972-C41A-4684-87F5-DE13997AAD55}.Debug|Any CPU.ActiveCfg = Debug|Any CPU
		{DE479972-C41A-4684-87F5-DE13997AAD55}.Debug|Any CPU.Build.0 = Debug|Any CPU
		{DE479972-C41A-4684-87F5-DE13997AAD55}.Release|Any CPU.ActiveCfg = Release|Any CPU
		{DE479972-C41A-4684-87F5-DE13997AAD55}.Release|Any CPU.Build.0 = Release|Any CPU
		{E17FD116-47D8-4B04-9034-ADC035D8CCD3}.Debug|Any CPU.ActiveCfg = Debug|Any CPU
		{E17FD116-47D8-4B04-9034-ADC035D8CCD3}.Debug|Any CPU.Build.0 = Debug|Any CPU
		{E17FD116-47D8-4B04-9034-ADC035D8CCD3}.Release|Any CPU.ActiveCfg = Release|Any CPU
		{E17FD116-47D8-4B04-9034-ADC035D8CCD3}.Release|Any CPU.Build.0 = Release|Any CPU
		{FEF51AA5-98FC-4C1B-B2AD-BF8CC4F8DCED}.Debug|Any CPU.ActiveCfg = Debug|Any CPU
		{FEF51AA5-98FC-4C1B-B2AD-BF8CC4F8DCED}.Debug|Any CPU.Build.0 = Debug|Any CPU
		{FEF51AA5-98FC-4C1B-B2AD-BF8CC4F8DCED}.Release|Any CPU.ActiveCfg = Release|Any CPU
		{FEF51AA5-98FC-4C1B-B2AD-BF8CC4F8DCED}.Release|Any CPU.Build.0 = Release|Any CPU
		{BEFA9F76-0A21-4ADE-A54D-534FCA8BF9AB}.Debug|Any CPU.ActiveCfg = Debug|Any CPU
		{BEFA9F76-0A21-4ADE-A54D-534FCA8BF9AB}.Debug|Any CPU.Build.0 = Debug|Any CPU
		{BEFA9F76-0A21-4ADE-A54D-534FCA8BF9AB}.Release|Any CPU.ActiveCfg = Release|Any CPU
		{BEFA9F76-0A21-4ADE-A54D-534FCA8BF9AB}.Release|Any CPU.Build.0 = Release|Any CPU
		{90F0E0C4-5FC3-4949-8390-D2C2F764887E}.Debug|Any CPU.ActiveCfg = Debug|Any CPU
		{90F0E0C4-5FC3-4949-8390-D2C2F764887E}.Debug|Any CPU.Build.0 = Debug|Any CPU
		{90F0E0C4-5FC3-4949-8390-D2C2F764887E}.Release|Any CPU.ActiveCfg = Release|Any CPU
		{90F0E0C4-5FC3-4949-8390-D2C2F764887E}.Release|Any CPU.Build.0 = Release|Any CPU
		{31778053-C4DA-4B5B-9D5D-D9DB7CCAE92D}.Debug|Any CPU.ActiveCfg = Debug|Any CPU
		{31778053-C4DA-4B5B-9D5D-D9DB7CCAE92D}.Debug|Any CPU.Build.0 = Debug|Any CPU
		{31778053-C4DA-4B5B-9D5D-D9DB7CCAE92D}.Release|Any CPU.ActiveCfg = Release|Any CPU
		{31778053-C4DA-4B5B-9D5D-D9DB7CCAE92D}.Release|Any CPU.Build.0 = Release|Any CPU
		{2F9AD315-81BF-41D3-B58F-78B0D068C45B}.Debug|Any CPU.ActiveCfg = Debug|Any CPU
		{2F9AD315-81BF-41D3-B58F-78B0D068C45B}.Debug|Any CPU.Build.0 = Debug|Any CPU
		{2F9AD315-81BF-41D3-B58F-78B0D068C45B}.Release|Any CPU.ActiveCfg = Release|Any CPU
		{2F9AD315-81BF-41D3-B58F-78B0D068C45B}.Release|Any CPU.Build.0 = Release|Any CPU
		{D7EF0C39-CD35-4341-A3AB-1C6E4AB77AE0}.Debug|Any CPU.ActiveCfg = Debug|Any CPU
		{D7EF0C39-CD35-4341-A3AB-1C6E4AB77AE0}.Debug|Any CPU.Build.0 = Debug|Any CPU
		{D7EF0C39-CD35-4341-A3AB-1C6E4AB77AE0}.Release|Any CPU.ActiveCfg = Release|Any CPU
		{D7EF0C39-CD35-4341-A3AB-1C6E4AB77AE0}.Release|Any CPU.Build.0 = Release|Any CPU
		{BB821E46-17DC-41E7-A539-A7E2D19ED24F}.Debug|Any CPU.ActiveCfg = Debug|Any CPU
		{BB821E46-17DC-41E7-A539-A7E2D19ED24F}.Debug|Any CPU.Build.0 = Debug|Any CPU
		{BB821E46-17DC-41E7-A539-A7E2D19ED24F}.Release|Any CPU.ActiveCfg = Release|Any CPU
		{BB821E46-17DC-41E7-A539-A7E2D19ED24F}.Release|Any CPU.Build.0 = Release|Any CPU
		{78A15906-8267-4540-92C4-7D9CFE5874A4}.Debug|Any CPU.ActiveCfg = Debug|Any CPU
		{78A15906-8267-4540-92C4-7D9CFE5874A4}.Debug|Any CPU.Build.0 = Debug|Any CPU
		{78A15906-8267-4540-92C4-7D9CFE5874A4}.Release|Any CPU.ActiveCfg = Release|Any CPU
		{78A15906-8267-4540-92C4-7D9CFE5874A4}.Release|Any CPU.Build.0 = Release|Any CPU
		{C021ED38-077F-4EA9-80AE-07C5D860762D}.Debug|Any CPU.ActiveCfg = Debug|Any CPU
		{C021ED38-077F-4EA9-80AE-07C5D860762D}.Debug|Any CPU.Build.0 = Debug|Any CPU
		{C021ED38-077F-4EA9-80AE-07C5D860762D}.Release|Any CPU.ActiveCfg = Release|Any CPU
		{C021ED38-077F-4EA9-80AE-07C5D860762D}.Release|Any CPU.Build.0 = Release|Any CPU
		{EE369449-9125-4E7D-8142-22A77875D073}.Debug|Any CPU.ActiveCfg = Debug|Any CPU
		{EE369449-9125-4E7D-8142-22A77875D073}.Debug|Any CPU.Build.0 = Debug|Any CPU
		{EE369449-9125-4E7D-8142-22A77875D073}.Release|Any CPU.ActiveCfg = Release|Any CPU
		{EE369449-9125-4E7D-8142-22A77875D073}.Release|Any CPU.Build.0 = Release|Any CPU
		{64509147-2180-49DA-958B-4DDF88CE2B60}.Debug|Any CPU.ActiveCfg = Debug|Any CPU
		{64509147-2180-49DA-958B-4DDF88CE2B60}.Debug|Any CPU.Build.0 = Debug|Any CPU
		{64509147-2180-49DA-958B-4DDF88CE2B60}.Release|Any CPU.ActiveCfg = Release|Any CPU
		{64509147-2180-49DA-958B-4DDF88CE2B60}.Release|Any CPU.Build.0 = Release|Any CPU
		{F893245A-D3B7-4B1B-A96A-2740DC0EEE8C}.Debug|Any CPU.ActiveCfg = Debug|Any CPU
		{F893245A-D3B7-4B1B-A96A-2740DC0EEE8C}.Debug|Any CPU.Build.0 = Debug|Any CPU
		{F893245A-D3B7-4B1B-A96A-2740DC0EEE8C}.Release|Any CPU.ActiveCfg = Release|Any CPU
		{F893245A-D3B7-4B1B-A96A-2740DC0EEE8C}.Release|Any CPU.Build.0 = Release|Any CPU
		{9CCEFD04-97A8-4314-9BB4-1041FBD120CA}.Debug|Any CPU.ActiveCfg = Debug|Any CPU
		{9CCEFD04-97A8-4314-9BB4-1041FBD120CA}.Debug|Any CPU.Build.0 = Debug|Any CPU
		{9CCEFD04-97A8-4314-9BB4-1041FBD120CA}.Release|Any CPU.ActiveCfg = Release|Any CPU
		{9CCEFD04-97A8-4314-9BB4-1041FBD120CA}.Release|Any CPU.Build.0 = Release|Any CPU
		{DCDBBA0D-52FE-4775-88C6-C4724F9CBD99}.Debug|Any CPU.ActiveCfg = Debug|Any CPU
		{DCDBBA0D-52FE-4775-88C6-C4724F9CBD99}.Debug|Any CPU.Build.0 = Debug|Any CPU
		{DCDBBA0D-52FE-4775-88C6-C4724F9CBD99}.Release|Any CPU.ActiveCfg = Release|Any CPU
		{DCDBBA0D-52FE-4775-88C6-C4724F9CBD99}.Release|Any CPU.Build.0 = Release|Any CPU
		{D712DF91-2190-4BC9-ACF7-161E2D8F0D96}.Debug|Any CPU.ActiveCfg = Debug|Any CPU
		{D712DF91-2190-4BC9-ACF7-161E2D8F0D96}.Debug|Any CPU.Build.0 = Debug|Any CPU
		{D712DF91-2190-4BC9-ACF7-161E2D8F0D96}.Release|Any CPU.ActiveCfg = Release|Any CPU
		{D712DF91-2190-4BC9-ACF7-161E2D8F0D96}.Release|Any CPU.Build.0 = Release|Any CPU
		{76BB30E3-1F19-4161-B9D9-3E088F33F9CD}.Debug|Any CPU.ActiveCfg = Debug|Any CPU
		{76BB30E3-1F19-4161-B9D9-3E088F33F9CD}.Debug|Any CPU.Build.0 = Debug|Any CPU
		{76BB30E3-1F19-4161-B9D9-3E088F33F9CD}.Release|Any CPU.ActiveCfg = Release|Any CPU
		{76BB30E3-1F19-4161-B9D9-3E088F33F9CD}.Release|Any CPU.Build.0 = Release|Any CPU
		{DB931DC3-BC9E-4187-A8DC-9B84C4B6E934}.Debug|Any CPU.ActiveCfg = Debug|Any CPU
		{DB931DC3-BC9E-4187-A8DC-9B84C4B6E934}.Debug|Any CPU.Build.0 = Debug|Any CPU
		{DB931DC3-BC9E-4187-A8DC-9B84C4B6E934}.Release|Any CPU.ActiveCfg = Release|Any CPU
		{DB931DC3-BC9E-4187-A8DC-9B84C4B6E934}.Release|Any CPU.Build.0 = Release|Any CPU
		{63989315-89F1-4AB2-A17B-E9ABD522F78E}.Debug|Any CPU.ActiveCfg = Debug|Any CPU
		{63989315-89F1-4AB2-A17B-E9ABD522F78E}.Debug|Any CPU.Build.0 = Debug|Any CPU
		{63989315-89F1-4AB2-A17B-E9ABD522F78E}.Release|Any CPU.ActiveCfg = Release|Any CPU
		{63989315-89F1-4AB2-A17B-E9ABD522F78E}.Release|Any CPU.Build.0 = Release|Any CPU
		{384DB3D7-E7DD-45C5-8DCC-5576EA549C47}.Debug|Any CPU.ActiveCfg = Debug|Any CPU
		{384DB3D7-E7DD-45C5-8DCC-5576EA549C47}.Debug|Any CPU.Build.0 = Debug|Any CPU
		{384DB3D7-E7DD-45C5-8DCC-5576EA549C47}.Release|Any CPU.ActiveCfg = Release|Any CPU
		{384DB3D7-E7DD-45C5-8DCC-5576EA549C47}.Release|Any CPU.Build.0 = Release|Any CPU
		{DB28005B-834A-40C6-AF02-862D80DC052F}.Debug|Any CPU.ActiveCfg = Debug|Any CPU
		{DB28005B-834A-40C6-AF02-862D80DC052F}.Debug|Any CPU.Build.0 = Debug|Any CPU
		{DB28005B-834A-40C6-AF02-862D80DC052F}.Release|Any CPU.ActiveCfg = Release|Any CPU
		{DB28005B-834A-40C6-AF02-862D80DC052F}.Release|Any CPU.Build.0 = Release|Any CPU
		{704652A2-C428-44F5-8F9F-46EF5FD70A80}.Debug|Any CPU.ActiveCfg = Debug|Any CPU
		{704652A2-C428-44F5-8F9F-46EF5FD70A80}.Debug|Any CPU.Build.0 = Debug|Any CPU
		{704652A2-C428-44F5-8F9F-46EF5FD70A80}.Release|Any CPU.ActiveCfg = Release|Any CPU
		{704652A2-C428-44F5-8F9F-46EF5FD70A80}.Release|Any CPU.Build.0 = Release|Any CPU
		{1631ECD6-B51E-4559-953F-A1AEF22DE87D}.Debug|Any CPU.ActiveCfg = Debug|Any CPU
		{1631ECD6-B51E-4559-953F-A1AEF22DE87D}.Debug|Any CPU.Build.0 = Debug|Any CPU
		{1631ECD6-B51E-4559-953F-A1AEF22DE87D}.Release|Any CPU.ActiveCfg = Release|Any CPU
		{1631ECD6-B51E-4559-953F-A1AEF22DE87D}.Release|Any CPU.Build.0 = Release|Any CPU
		{6A9A3542-072B-4D86-B771-1EF518C8FFE5}.Debug|Any CPU.ActiveCfg = Debug|Any CPU
		{6A9A3542-072B-4D86-B771-1EF518C8FFE5}.Debug|Any CPU.Build.0 = Debug|Any CPU
		{6A9A3542-072B-4D86-B771-1EF518C8FFE5}.Release|Any CPU.ActiveCfg = Release|Any CPU
		{6A9A3542-072B-4D86-B771-1EF518C8FFE5}.Release|Any CPU.Build.0 = Release|Any CPU
		{09E7B628-E0D4-45A8-9ABE-A9EAFC7923CD}.Debug|Any CPU.ActiveCfg = Debug|Any CPU
		{09E7B628-E0D4-45A8-9ABE-A9EAFC7923CD}.Debug|Any CPU.Build.0 = Debug|Any CPU
		{09E7B628-E0D4-45A8-9ABE-A9EAFC7923CD}.Release|Any CPU.ActiveCfg = Release|Any CPU
		{09E7B628-E0D4-45A8-9ABE-A9EAFC7923CD}.Release|Any CPU.Build.0 = Release|Any CPU
		{E23E192F-FC3C-4C20-9C6E-6362F343D2D0}.Debug|Any CPU.ActiveCfg = Debug|Any CPU
		{E23E192F-FC3C-4C20-9C6E-6362F343D2D0}.Debug|Any CPU.Build.0 = Debug|Any CPU
		{E23E192F-FC3C-4C20-9C6E-6362F343D2D0}.Release|Any CPU.ActiveCfg = Release|Any CPU
		{E23E192F-FC3C-4C20-9C6E-6362F343D2D0}.Release|Any CPU.Build.0 = Release|Any CPU
		{B3871DC5-D19D-45AA-BDEE-DD90D3225BBC}.Debug|Any CPU.ActiveCfg = Debug|Any CPU
		{B3871DC5-D19D-45AA-BDEE-DD90D3225BBC}.Debug|Any CPU.Build.0 = Debug|Any CPU
		{B3871DC5-D19D-45AA-BDEE-DD90D3225BBC}.Release|Any CPU.ActiveCfg = Release|Any CPU
		{B3871DC5-D19D-45AA-BDEE-DD90D3225BBC}.Release|Any CPU.Build.0 = Release|Any CPU
		{D2F2E6EF-3315-4E07-A447-5DE5A503F5EE}.Debug|Any CPU.ActiveCfg = Debug|Any CPU
		{D2F2E6EF-3315-4E07-A447-5DE5A503F5EE}.Debug|Any CPU.Build.0 = Debug|Any CPU
		{D2F2E6EF-3315-4E07-A447-5DE5A503F5EE}.Release|Any CPU.ActiveCfg = Release|Any CPU
		{D2F2E6EF-3315-4E07-A447-5DE5A503F5EE}.Release|Any CPU.Build.0 = Release|Any CPU
		{D333CD98-F7DA-4DEF-BACF-C816DA23A725}.Debug|Any CPU.ActiveCfg = Debug|Any CPU
		{D333CD98-F7DA-4DEF-BACF-C816DA23A725}.Debug|Any CPU.Build.0 = Debug|Any CPU
		{D333CD98-F7DA-4DEF-BACF-C816DA23A725}.Release|Any CPU.ActiveCfg = Release|Any CPU
		{D333CD98-F7DA-4DEF-BACF-C816DA23A725}.Release|Any CPU.Build.0 = Release|Any CPU
		{8B52CDDE-F9B2-4F86-B3DB-3AEB8E9603F3}.Debug|Any CPU.ActiveCfg = Debug|Any CPU
		{8B52CDDE-F9B2-4F86-B3DB-3AEB8E9603F3}.Debug|Any CPU.Build.0 = Debug|Any CPU
		{8B52CDDE-F9B2-4F86-B3DB-3AEB8E9603F3}.Release|Any CPU.ActiveCfg = Release|Any CPU
		{8B52CDDE-F9B2-4F86-B3DB-3AEB8E9603F3}.Release|Any CPU.Build.0 = Release|Any CPU
		{9B3BF23F-8E2C-4F73-BB37-D906820D36C4}.Debug|Any CPU.ActiveCfg = Debug|Any CPU
		{9B3BF23F-8E2C-4F73-BB37-D906820D36C4}.Debug|Any CPU.Build.0 = Debug|Any CPU
		{9B3BF23F-8E2C-4F73-BB37-D906820D36C4}.Release|Any CPU.ActiveCfg = Release|Any CPU
		{9B3BF23F-8E2C-4F73-BB37-D906820D36C4}.Release|Any CPU.Build.0 = Release|Any CPU
		{DAB28584-4F8A-46DE-B46C-5799FD298C9C}.Debug|Any CPU.ActiveCfg = Debug|Any CPU
		{DAB28584-4F8A-46DE-B46C-5799FD298C9C}.Debug|Any CPU.Build.0 = Debug|Any CPU
		{DAB28584-4F8A-46DE-B46C-5799FD298C9C}.Release|Any CPU.ActiveCfg = Release|Any CPU
		{DAB28584-4F8A-46DE-B46C-5799FD298C9C}.Release|Any CPU.Build.0 = Release|Any CPU
		{536A334D-121E-41DD-9CC4-5B703AE66137}.Debug|Any CPU.ActiveCfg = Debug|Any CPU
		{536A334D-121E-41DD-9CC4-5B703AE66137}.Debug|Any CPU.Build.0 = Debug|Any CPU
		{536A334D-121E-41DD-9CC4-5B703AE66137}.Release|Any CPU.ActiveCfg = Release|Any CPU
		{536A334D-121E-41DD-9CC4-5B703AE66137}.Release|Any CPU.Build.0 = Release|Any CPU
		{7FEEAE11-047B-4488-AACD-D3950157CB32}.Debug|Any CPU.ActiveCfg = Debug|Any CPU
		{7FEEAE11-047B-4488-AACD-D3950157CB32}.Debug|Any CPU.Build.0 = Debug|Any CPU
		{7FEEAE11-047B-4488-AACD-D3950157CB32}.Release|Any CPU.ActiveCfg = Release|Any CPU
		{7FEEAE11-047B-4488-AACD-D3950157CB32}.Release|Any CPU.Build.0 = Release|Any CPU
		{4436EC88-11DD-4FD6-8D2C-41D560D953D0}.Debug|Any CPU.ActiveCfg = Debug|Any CPU
		{4436EC88-11DD-4FD6-8D2C-41D560D953D0}.Debug|Any CPU.Build.0 = Debug|Any CPU
		{4436EC88-11DD-4FD6-8D2C-41D560D953D0}.Release|Any CPU.ActiveCfg = Release|Any CPU
		{4436EC88-11DD-4FD6-8D2C-41D560D953D0}.Release|Any CPU.Build.0 = Release|Any CPU
	EndGlobalSection
	GlobalSection(SolutionProperties) = preSolution
		HideSolutionNode = FALSE
	EndGlobalSection
	GlobalSection(NestedProjects) = preSolution
		{5195E098-A486-4618-8B4E-D544CAC6EC5C} = {57BBB39E-7EE9-4C90-8CBB-3820E13E5E01}
		{F5E78D67-7223-44BE-9B48-126DD36FFF84} = {57BBB39E-7EE9-4C90-8CBB-3820E13E5E01}
		{80BFEF7A-1E07-4503-8AFF-BDC5EF0064D6} = {57BBB39E-7EE9-4C90-8CBB-3820E13E5E01}
		{C0F24F9C-E415-4F2D-A5FE-AD2299DF9165} = {57BBB39E-7EE9-4C90-8CBB-3820E13E5E01}
		{C05ACB45-94AF-4B24-B8D1-EF140678ECE6} = {F5E78D67-7223-44BE-9B48-126DD36FFF84}
		{EA8490E8-EA80-4D25-B2DA-73D3D4C50AB7} = {F5E78D67-7223-44BE-9B48-126DD36FFF84}
		{C3B2033C-23FD-4754-B4B6-BCEDCCD5F2E7} = {57BBB39E-7EE9-4C90-8CBB-3820E13E5E01}
		{CB2E51D9-B7BA-42D8-8A92-8F888ED08FD0} = {57BBB39E-7EE9-4C90-8CBB-3820E13E5E01}
		{AAEB41A3-F0E8-4723-8B19-2132B874F8FD} = {F5E78D67-7223-44BE-9B48-126DD36FFF84}
		{D1CEC829-29A4-46A7-A8D9-0D9EA72DB290} = {5195E098-A486-4618-8B4E-D544CAC6EC5C}
		{9273351E-8726-47A1-97C5-8C04FBF4A8CA} = {5195E098-A486-4618-8B4E-D544CAC6EC5C}
		{DE479972-C41A-4684-87F5-DE13997AAD55} = {80BFEF7A-1E07-4503-8AFF-BDC5EF0064D6}
		{E17FD116-47D8-4B04-9034-ADC035D8CCD3} = {80BFEF7A-1E07-4503-8AFF-BDC5EF0064D6}
		{FEF51AA5-98FC-4C1B-B2AD-BF8CC4F8DCED} = {4DD65258-5BC8-4506-BC35-5407321D32AE}
		{BEFA9F76-0A21-4ADE-A54D-534FCA8BF9AB} = {4DD65258-5BC8-4506-BC35-5407321D32AE}
		{F6F89EA0-279A-4493-AE63-B686B26CC1BC} = {027424FD-BF04-4D83-837E-EA2912E4AED1}
		{E67FE4DE-7AF6-4FB7-B0CD-805EC458C76A} = {027424FD-BF04-4D83-837E-EA2912E4AED1}
		{0A0ADA3B-BEF2-4A91-9375-E9217F089FC2} = {027424FD-BF04-4D83-837E-EA2912E4AED1}
		{82B56D1B-6AB8-40D5-AE14-6B37D13402FA} = {0A0ADA3B-BEF2-4A91-9375-E9217F089FC2}
		{90F0E0C4-5FC3-4949-8390-D2C2F764887E} = {82B56D1B-6AB8-40D5-AE14-6B37D13402FA}
		{31778053-C4DA-4B5B-9D5D-D9DB7CCAE92D} = {82B56D1B-6AB8-40D5-AE14-6B37D13402FA}
		{43515AD6-D565-4FD8-9328-C7E53E12692A} = {027424FD-BF04-4D83-837E-EA2912E4AED1}
		{49B07044-BACA-4E0E-9B58-87583883FDED} = {43515AD6-D565-4FD8-9328-C7E53E12692A}
		{2F9AD315-81BF-41D3-B58F-78B0D068C45B} = {49B07044-BACA-4E0E-9B58-87583883FDED}
		{62F9A6F7-28C7-40F8-B8AA-C7C76BB20CFE} = {0A0ADA3B-BEF2-4A91-9375-E9217F089FC2}
		{D7EF0C39-CD35-4341-A3AB-1C6E4AB77AE0} = {62F9A6F7-28C7-40F8-B8AA-C7C76BB20CFE}
		{BB821E46-17DC-41E7-A539-A7E2D19ED24F} = {62F9A6F7-28C7-40F8-B8AA-C7C76BB20CFE}
		{F3BF9B2F-64D6-4BA9-B25A-0534BA716D87} = {0A0ADA3B-BEF2-4A91-9375-E9217F089FC2}
		{78A15906-8267-4540-92C4-7D9CFE5874A4} = {F3BF9B2F-64D6-4BA9-B25A-0534BA716D87}
		{B33DFE79-85D3-4824-83BA-C67F24C8DD42} = {F6F89EA0-279A-4493-AE63-B686B26CC1BC}
		{95EA29C2-A77A-4CDC-8F56-A7F800E35B55} = {F6F89EA0-279A-4493-AE63-B686B26CC1BC}
		{A47201C4-B7AC-4BF3-8C9A-741CE42C1ACC} = {F6F89EA0-279A-4493-AE63-B686B26CC1BC}
		{C021ED38-077F-4EA9-80AE-07C5D860762D} = {A47201C4-B7AC-4BF3-8C9A-741CE42C1ACC}
		{EE369449-9125-4E7D-8142-22A77875D073} = {F3BF9B2F-64D6-4BA9-B25A-0534BA716D87}
		{64509147-2180-49DA-958B-4DDF88CE2B60} = {A47201C4-B7AC-4BF3-8C9A-741CE42C1ACC}
		{63568DA1-5067-4909-8FE5-F402D8407720} = {027424FD-BF04-4D83-837E-EA2912E4AED1}
		{1D71FED1-7832-4461-A59D-1129ED91E2F6} = {63568DA1-5067-4909-8FE5-F402D8407720}
		{9E697CB0-2AA9-4472-989A-737CFD83B260} = {63568DA1-5067-4909-8FE5-F402D8407720}
		{E67F037B-2610-4F51-9102-04DA71FE6843} = {63568DA1-5067-4909-8FE5-F402D8407720}
		{F893245A-D3B7-4B1B-A96A-2740DC0EEE8C} = {9E697CB0-2AA9-4472-989A-737CFD83B260}
		{9CCEFD04-97A8-4314-9BB4-1041FBD120CA} = {1D71FED1-7832-4461-A59D-1129ED91E2F6}
		{DCDBBA0D-52FE-4775-88C6-C4724F9CBD99} = {1D71FED1-7832-4461-A59D-1129ED91E2F6}
		{E4789728-07E7-431E-BD89-52F5D7E1C69E} = {E67FE4DE-7AF6-4FB7-B0CD-805EC458C76A}
		{D712DF91-2190-4BC9-ACF7-161E2D8F0D96} = {E4789728-07E7-431E-BD89-52F5D7E1C69E}
		{5A3CEB08-57CC-4E59-82F3-930A1CC685CF} = {E67FE4DE-7AF6-4FB7-B0CD-805EC458C76A}
		{76BB30E3-1F19-4161-B9D9-3E088F33F9CD} = {5A3CEB08-57CC-4E59-82F3-930A1CC685CF}
		{DB931DC3-BC9E-4187-A8DC-9B84C4B6E934} = {5A3CEB08-57CC-4E59-82F3-930A1CC685CF}
		{5AA9BA8F-745B-4513-88A1-F5CD7043C51E} = {43515AD6-D565-4FD8-9328-C7E53E12692A}
		{CE696D5A-3DAC-44E2-9B8A-771158CD38DD} = {E67FE4DE-7AF6-4FB7-B0CD-805EC458C76A}
		{63989315-89F1-4AB2-A17B-E9ABD522F78E} = {CE696D5A-3DAC-44E2-9B8A-771158CD38DD}
		{384DB3D7-E7DD-45C5-8DCC-5576EA549C47} = {CE696D5A-3DAC-44E2-9B8A-771158CD38DD}
		{DB28005B-834A-40C6-AF02-862D80DC052F} = {5AA9BA8F-745B-4513-88A1-F5CD7043C51E}
		{704652A2-C428-44F5-8F9F-46EF5FD70A80} = {5AA9BA8F-745B-4513-88A1-F5CD7043C51E}
		{BCCAB445-1862-4094-A69F-295C850674B7} = {5AA9BA8F-745B-4513-88A1-F5CD7043C51E}
		{1631ECD6-B51E-4559-953F-A1AEF22DE87D} = {BCCAB445-1862-4094-A69F-295C850674B7}
		{7C9703B7-1D17-4961-91D5-E21BF3D843A2} = {4DD65258-5BC8-4506-BC35-5407321D32AE}
		{6A9A3542-072B-4D86-B771-1EF518C8FFE5} = {7C9703B7-1D17-4961-91D5-E21BF3D843A2}
		{09E7B628-E0D4-45A8-9ABE-A9EAFC7923CD} = {7C9703B7-1D17-4961-91D5-E21BF3D843A2}
		{E23E192F-FC3C-4C20-9C6E-6362F343D2D0} = {9E697CB0-2AA9-4472-989A-737CFD83B260}
		{B3871DC5-D19D-45AA-BDEE-DD90D3225BBC} = {BCCAB445-1862-4094-A69F-295C850674B7}
		{D2F2E6EF-3315-4E07-A447-5DE5A503F5EE} = {E67F037B-2610-4F51-9102-04DA71FE6843}
		{D333CD98-F7DA-4DEF-BACF-C816DA23A725} = {63568DA1-5067-4909-8FE5-F402D8407720}
		{8B52CDDE-F9B2-4F86-B3DB-3AEB8E9603F3} = {4D52BD97-C994-4652-AB94-E404AAE3F540}
		{871B6CBE-70DF-47D3-AD00-E23DF3FEA266} = {027424FD-BF04-4D83-837E-EA2912E4AED1}
		{4D52BD97-C994-4652-AB94-E404AAE3F540} = {871B6CBE-70DF-47D3-AD00-E23DF3FEA266}
		{9B3BF23F-8E2C-4F73-BB37-D906820D36C4} = {4D52BD97-C994-4652-AB94-E404AAE3F540}
		{DAB28584-4F8A-46DE-B46C-5799FD298C9C} = {4D52BD97-C994-4652-AB94-E404AAE3F540}
		{AF685BC0-4C70-4017-B228-3D2ED3B504A0} = {027424FD-BF04-4D83-837E-EA2912E4AED1}
		{536A334D-121E-41DD-9CC4-5B703AE66137} = {49B07044-BACA-4E0E-9B58-87583883FDED}
		{7FEEAE11-047B-4488-AACD-D3950157CB32} = {49B07044-BACA-4E0E-9B58-87583883FDED}
		{4436EC88-11DD-4FD6-8D2C-41D560D953D0} = {E4789728-07E7-431E-BD89-52F5D7E1C69E}
	EndGlobalSection
	GlobalSection(ExtensibilityGlobals) = postSolution
		SolutionGuid = {50775A8F-4DA5-415A-83C4-B637225479F5}
	EndGlobalSection
EndGlobal
