Microsoft Visual Studio Solution File, Format Version 12.00
# Visual Studio Version 16
VisualStudioVersion = 16.0.30711.63
MinimumVisualStudioVersion = 10.0.40219.1
Project("{2150E333-8FDC-42A3-9474-1A3956D46DE8}") = "Kontrer.OwnerClient", "Kontrer.OwnerClient", "{57BBB39E-7EE9-4C90-8CBB-3820E13E5E01}"
EndProject
Project("{2150E333-8FDC-42A3-9474-1A3956D46DE8}") = "Kontrer.OwnerServer", "Kontrer.OwnerServer", "{027424FD-BF04-4D83-837E-EA2912E4AED1}"
EndProject
Project("{2150E333-8FDC-42A3-9474-1A3956D46DE8}") = "2 - Kontrer.OwnerClient.Business", "2 - Kontrer.OwnerClient.Business", "{5195E098-A486-4618-8B4E-D544CAC6EC5C}"
EndProject
Project("{2150E333-8FDC-42A3-9474-1A3956D46DE8}") = "3 - Kontrer.OwnerClient.UI", "3 - Kontrer.OwnerClient.UI", "{F5E78D67-7223-44BE-9B48-126DD36FFF84}"
EndProject
Project("{2150E333-8FDC-42A3-9474-1A3956D46DE8}") = "1 - Kontrer.OwnerClient.Data", "1 - Kontrer.OwnerClient.Data", "{80BFEF7A-1E07-4503-8AFF-BDC5EF0064D6}"
EndProject
Project("{9A19103F-16F7-4668-BE54-9A1E7A4F7556}") = "Kontrer.OwnerClient.Shared", "Kontrer.OwnerClient.Shared\Kontrer.OwnerClient.Shared.csproj", "{C0F24F9C-E415-4F2D-A5FE-AD2299DF9165}"
EndProject
Project("{9A19103F-16F7-4668-BE54-9A1E7A4F7556}") = "Kontrer.OwnerClient.UI.WPF", "Kontrer.OwnerClient.UI.WPF\Kontrer.OwnerClient.UI.WPF.csproj", "{C05ACB45-94AF-4B24-B8D1-EF140678ECE6}"
EndProject
Project("{9A19103F-16F7-4668-BE54-9A1E7A4F7556}") = "Kontrer.OwnerClient.UI.WPF.Tests", "Kontrer.OwnerClient.UI.WPF.Tests\Kontrer.OwnerClient.UI.WPF.Tests.csproj", "{EA8490E8-EA80-4D25-B2DA-73D3D4C50AB7}"
EndProject
Project("{9A19103F-16F7-4668-BE54-9A1E7A4F7556}") = "Kontrer.OwnerClient.Bootstrapper.Windows", "Kontrer.OwnerClient.Bootstrapper.Windows\Kontrer.OwnerClient.Bootstrapper.Windows.csproj", "{C3B2033C-23FD-4754-B4B6-BCEDCCD5F2E7}"
EndProject
Project("{9A19103F-16F7-4668-BE54-9A1E7A4F7556}") = "Kontrer.OwnerClient.Bootstrapper.Windows.Tests", "Kontrer.OwnerClient.Bootstrapper.Windows.Tests\Kontrer.OwnerClient.Bootstrapper.Windows.Tests.csproj", "{CB2E51D9-B7BA-42D8-8A92-8F888ED08FD0}"
EndProject
Project("{9A19103F-16F7-4668-BE54-9A1E7A4F7556}") = "Kontrer.OwnerClient.UI.Abstraction", "Kontrer.OwnerClient.UI.Abstraction\Kontrer.OwnerClient.UI.Abstraction.csproj", "{AAEB41A3-F0E8-4723-8B19-2132B874F8FD}"
EndProject
Project("{9A19103F-16F7-4668-BE54-9A1E7A4F7556}") = "Kontrer.OwnerClient.Business", "Kontrer.OwnerClient.Business\Kontrer.OwnerClient.Business.csproj", "{D1CEC829-29A4-46A7-A8D9-0D9EA72DB290}"
EndProject
Project("{9A19103F-16F7-4668-BE54-9A1E7A4F7556}") = "Kontrer.OwnerClient.Business.Abstraction", "Kontrer.OwnerClient.Business.Abstraction\Kontrer.OwnerClient.Business.Abstraction.csproj", "{9273351E-8726-47A1-97C5-8C04FBF4A8CA}"
EndProject
Project("{9A19103F-16F7-4668-BE54-9A1E7A4F7556}") = "Kontrer.OwnerClient.Data", "Kontrer.OwnerClient.Data\Kontrer.OwnerClient.Data.csproj", "{DE479972-C41A-4684-87F5-DE13997AAD55}"
EndProject
Project("{9A19103F-16F7-4668-BE54-9A1E7A4F7556}") = "Kontrer.OwnerClient.Data.Abstraction", "Kontrer.OwnerClient.Data.Abstraction\Kontrer.OwnerClient.Data.Abstraction.csproj", "{E17FD116-47D8-4B04-9034-ADC035D8CCD3}"
EndProject
Project("{9A19103F-16F7-4668-BE54-9A1E7A4F7556}") = "Kontrer.Shared", "Kontrer.Shared\Kontrer.Shared.csproj", "{FEF51AA5-98FC-4C1B-B2AD-BF8CC4F8DCED}"
EndProject
Project("{2150E333-8FDC-42A3-9474-1A3956D46DE8}") = "Solution Items", "Solution Items", "{A40C24CA-4030-4A7C-BEF1-22BB898CCD68}"
	ProjectSection(SolutionItems) = preProject
		.editorconfig = .editorconfig
		tye.yaml = tye.yaml
	EndProjectSection
EndProject
Project("{9A19103F-16F7-4668-BE54-9A1E7A4F7556}") = "Kontrer.Shared.Tests", "Kontrer.Shared.Tests\Kontrer.Shared.Tests.csproj", "{BEFA9F76-0A21-4ADE-A54D-534FCA8BF9AB}"
EndProject
Project("{2150E333-8FDC-42A3-9474-1A3956D46DE8}") = "PdfCreatorService", "PdfCreatorService", "{F6F89EA0-279A-4493-AE63-B686B26CC1BC}"
EndProject
Project("{2150E333-8FDC-42A3-9474-1A3956D46DE8}") = "PricingService", "PricingService", "{E67FE4DE-7AF6-4FB7-B0CD-805EC458C76A}"
EndProject
Project("{2150E333-8FDC-42A3-9474-1A3956D46DE8}") = "CustomerService", "CustomerService", "{0A0ADA3B-BEF2-4A91-9375-E9217F089FC2}"
EndProject
Project("{2150E333-8FDC-42A3-9474-1A3956D46DE8}") = "Shared", "Shared", "{43515AD6-D565-4FD8-9328-C7E53E12692A}"
EndProject
Project("{2150E333-8FDC-42A3-9474-1A3956D46DE8}") = "1 - Kontrer.OwnerServer.PdfCreatorService.Data", "1 - Kontrer.OwnerServer.PdfCreatorService.Data", "{B33DFE79-85D3-4824-83BA-C67F24C8DD42}"
EndProject
Project("{2150E333-8FDC-42A3-9474-1A3956D46DE8}") = "2 - Kontrer.OwnerServer.PdfCreatorService.Business", "2 - Kontrer.OwnerServer.PdfCreatorService.Business", "{95EA29C2-A77A-4CDC-8F56-A7F800E35B55}"
EndProject
Project("{2150E333-8FDC-42A3-9474-1A3956D46DE8}") = "3 - Kontrer.OwnerServer.PdfCreatorService.Presentation", "3 - Kontrer.OwnerServer.PdfCreatorService.Presentation", "{A47201C4-B7AC-4BF3-8C9A-741CE42C1ACC}"
EndProject
Project("{9A19103F-16F7-4668-BE54-9A1E7A4F7556}") = "Kontrer.OwnerServer.PdfCreatorService.Presentation.Abstract", "Kontrer.OwnerServer.PdfCreatorService.Presentation.Abstract\Kontrer.OwnerServer.PdfCreatorService.Presentation.Abstract.csproj", "{C021ED38-077F-4EA9-80AE-07C5D860762D}"
EndProject
Project("{9A19103F-16F7-4668-BE54-9A1E7A4F7556}") = "Kontrer.OwnerServer.PdfCreatorService.Presentation.AspApi", "Kontrer.OwnerServer.PdfCreatorService.Presentation.AspApi\Kontrer.OwnerServer.PdfCreatorService.Presentation.AspApi.csproj", "{64509147-2180-49DA-958B-4DDF88CE2B60}"
EndProject
Project("{2150E333-8FDC-42A3-9474-1A3956D46DE8}") = "OrderService", "OrderService", "{63568DA1-5067-4909-8FE5-F402D8407720}"
EndProject
Project("{9A19103F-16F7-4668-BE54-9A1E7A4F7556}") = "Kontrer.OwnerServer.OrderService.Infrastructure", "Kontrer.OwnerServer.OrderService.Infrastructure\Kontrer.OwnerServer.OrderService.Infrastructure.csproj", "{DCDBBA0D-52FE-4775-88C6-C4724F9CBD99}"
EndProject
Project("{2150E333-8FDC-42A3-9474-1A3956D46DE8}") = "1 - Kontrer.OwnerServer.PricingService.Infrastructure", "1 - Kontrer.OwnerServer.PricingService.Infrastructure", "{E4789728-07E7-431E-BD89-52F5D7E1C69E}"
EndProject
Project("{9A19103F-16F7-4668-BE54-9A1E7A4F7556}") = "Kontrer.OwnerServer.PricingService.Infrastructure", "Kontrer.OwnerServer.PricingService.Infrastructure\Kontrer.OwnerServer.PricingService.Infrastructure.csproj", "{D712DF91-2190-4BC9-ACF7-161E2D8F0D96}"
EndProject
Project("{2150E333-8FDC-42A3-9474-1A3956D46DE8}") = "2 - Kontrer.OwnerServer.PricingService.Application", "2 - Kontrer.OwnerServer.PricingService.Application", "{5A3CEB08-57CC-4E59-82F3-930A1CC685CF}"
EndProject
Project("{9A19103F-16F7-4668-BE54-9A1E7A4F7556}") = "Kontrer.OwnerServer.PricingService.Application", "Kontrer.OwnerServer.PricingService.Application\Kontrer.OwnerServer.PricingService.Application.csproj", "{76BB30E3-1F19-4161-B9D9-3E088F33F9CD}"
EndProject
Project("{9A19103F-16F7-4668-BE54-9A1E7A4F7556}") = "Kontrer.OwnerServer.PricingService.Application.Tests", "Kontrer.OwnerServer.PricingService.Application.Tests\Kontrer.OwnerServer.PricingService.Application.Tests.csproj", "{DB931DC3-BC9E-4187-A8DC-9B84C4B6E934}"
EndProject
Project("{2150E333-8FDC-42A3-9474-1A3956D46DE8}") = "MicroService", "MicroService", "{5AA9BA8F-745B-4513-88A1-F5CD7043C51E}"
EndProject
Project("{2150E333-8FDC-42A3-9474-1A3956D46DE8}") = "3 - Kontrer.OwnerServer.PricingService.Presentation", "3 - Kontrer.OwnerServer.PricingService.Presentation", "{CE696D5A-3DAC-44E2-9B8A-771158CD38DD}"
EndProject
Project("{9A19103F-16F7-4668-BE54-9A1E7A4F7556}") = "Kontrer.OwnerServer.PricingService.Presentation.Abstraction", "Kontrer.OwnerServer.PricingService.Presentation.Abstraction\Kontrer.OwnerServer.PricingService.Presentation.Abstraction.csproj", "{63989315-89F1-4AB2-A17B-E9ABD522F78E}"
EndProject
Project("{9A19103F-16F7-4668-BE54-9A1E7A4F7556}") = "Kontrer.OwnerServer.PricingService.Presentation.AspApi", "Kontrer.OwnerServer.PricingService.Presentation.AspApi\Kontrer.OwnerServer.PricingService.Presentation.AspApi.csproj", "{384DB3D7-E7DD-45C5-8DCC-5576EA549C47}"
EndProject
Project("{9A19103F-16F7-4668-BE54-9A1E7A4F7556}") = "Kontrer.OwnerServer.Shared.MicroService.Abstraction", "Kontrer.OwnerServer.Shared.MicroService.Abstraction\Kontrer.OwnerServer.Shared.MicroService.Abstraction.csproj", "{DB28005B-834A-40C6-AF02-862D80DC052F}"
EndProject
Project("{9A19103F-16F7-4668-BE54-9A1E7A4F7556}") = "Kontrer.OwnerServer.Shared.MicroService.Dapr", "Kontrer.OwnerServer.Shared.MicroService.Dapr\Kontrer.OwnerServer.Shared.MicroService.Dapr.csproj", "{704652A2-C428-44F5-8F9F-46EF5FD70A80}"
EndProject
Project("{2150E333-8FDC-42A3-9474-1A3956D46DE8}") = "Asp", "Asp", "{BCCAB445-1862-4094-A69F-295C850674B7}"
EndProject
Project("{9A19103F-16F7-4668-BE54-9A1E7A4F7556}") = "Kontrer.OwnerServer.Shared.MicroService.Asp.Dapr", "Kontrer.OwnerServer.Shared.MicroService.Asp.Dapr\Kontrer.OwnerServer.Shared.MicroService.Asp.Dapr.csproj", "{1631ECD6-B51E-4559-953F-A1AEF22DE87D}"
EndProject
Project("{2150E333-8FDC-42A3-9474-1A3956D46DE8}") = "Kontrer.Shared", "Kontrer.Shared", "{4DD65258-5BC8-4506-BC35-5407321D32AE}"
EndProject
Project("{2150E333-8FDC-42A3-9474-1A3956D46DE8}") = "Kontrer.Shared.Localizator", "Kontrer.Shared.Localizator", "{7C9703B7-1D17-4961-91D5-E21BF3D843A2}"
EndProject
Project("{9A19103F-16F7-4668-BE54-9A1E7A4F7556}") = "Kontrer.Shared.Localizator.Abstraction", "Kontrer.Shared.Localizator.Abstraction\Kontrer.Shared.Localizator.Abstraction.csproj", "{6A9A3542-072B-4D86-B771-1EF518C8FFE5}"
EndProject
Project("{9A19103F-16F7-4668-BE54-9A1E7A4F7556}") = "Kontrer.Shared.Localizator.EF", "Kontrer.Shared.Localizator.EF\Kontrer.Shared.Localizator.EF.csproj", "{09E7B628-E0D4-45A8-9ABE-A9EAFC7923CD}"
EndProject
Project("{9A19103F-16F7-4668-BE54-9A1E7A4F7556}") = "Kontrer.OwnerServer.OrderService.Application", "OwnerServer\OrderService\Application\Kontrer.OwnerServer.OrderService.Application\Kontrer.OwnerServer.OrderService.Application.csproj", "{E23E192F-FC3C-4C20-9C6E-6362F343D2D0}"
EndProject
Project("{9A19103F-16F7-4668-BE54-9A1E7A4F7556}") = "Kontrer.OwnerServer.Shared.MicroService.Asp.Bootstrapper", "Kontrer.OwnerServer.Shared.MicroService.Asp.Bootstrapper\Kontrer.OwnerServer.Shared.MicroService.Asp.Bootstrapper.csproj", "{B3871DC5-D19D-45AA-BDEE-DD90D3225BBC}"
EndProject
Project("{9A19103F-16F7-4668-BE54-9A1E7A4F7556}") = "Kontrer.OwnerServer.OrderService.Presentation.AspApi", "Kontrer.OwnerServer.OrderService.Presentation.AspApi\Kontrer.OwnerServer.OrderService.Presentation.AspApi.csproj", "{D2F2E6EF-3315-4E07-A447-5DE5A503F5EE}"
EndProject
Project("{9A19103F-16F7-4668-BE54-9A1E7A4F7556}") = "Kontrer.OwnerServer.OrderService.Dtos", "Kontrer.OwnerServer.OrderService.Dtos\Kontrer.OwnerServer.OrderService.Dtos.csproj", "{D333CD98-F7DA-4DEF-BACF-C816DA23A725}"
EndProject
Project("{9A19103F-16F7-4668-BE54-9A1E7A4F7556}") = "Kontrer.OwnerServer.IdGeneratorService.Presentation.AspApi", "OwnerServer\IdGeneratorService\Presentation\Kontrer.OwnerServer.IdGeneratorService.Presentation.AspApi\Kontrer.OwnerServer.IdGeneratorService.Presentation.AspApi.csproj", "{8B52CDDE-F9B2-4F86-B3DB-3AEB8E9603F3}"
EndProject
Project("{2150E333-8FDC-42A3-9474-1A3956D46DE8}") = "IdGeneratorService", "IdGeneratorService", "{871B6CBE-70DF-47D3-AD00-E23DF3FEA266}"
EndProject
Project("{2150E333-8FDC-42A3-9474-1A3956D46DE8}") = "Kontrer.OwnerServer.IdGeneratorService.Presentation", "Kontrer.OwnerServer.IdGeneratorService.Presentation", "{4D52BD97-C994-4652-AB94-E404AAE3F540}"
EndProject
Project("{9A19103F-16F7-4668-BE54-9A1E7A4F7556}") = "Kontrer.OwnerServer.IdGeneratorService.Presentation.AspApiTests", "OwnerServer\IdGeneratorService\Presentation\Kontrer.OwnerServer.IdGeneratorService.Presentation.AspApiTests\Kontrer.OwnerServer.IdGeneratorService.Presentation.AspApiTests.csproj", "{9B3BF23F-8E2C-4F73-BB37-D906820D36C4}"
EndProject
Project("{2150E333-8FDC-42A3-9474-1A3956D46DE8}") = "OfferService", "OfferService", "{AF685BC0-4C70-4017-B228-3D2ED3B504A0}"
EndProject
Project("{9A19103F-16F7-4668-BE54-9A1E7A4F7556}") = "Kontrer.OwnerServer.PricingService.Infrastructure.Tests", "OwnerServer\PricingService\Infrastructure\Kontrer.OwnerServer.PricingService.Infrastructure.Tests\Kontrer.OwnerServer.PricingService.Infrastructure.Tests.csproj", "{4436EC88-11DD-4FD6-8D2C-41D560D953D0}"
EndProject
Project("{9A19103F-16F7-4668-BE54-9A1E7A4F7556}") = "Kontrer.OwnerServer.Shared.Asp", "OwnerServer\Shared\Kontrer.OwnerServer.Shared.Asp\Kontrer.OwnerServer.Shared.Asp.csproj", "{DC6A53FE-9DA1-42FA-AD0B-329AA7F5C096}"
EndProject
Project("{2150E333-8FDC-42A3-9474-1A3956D46DE8}") = "Kontrer.OwnerClient.Presentation.Windows", "Kontrer.OwnerClient.Presentation.Windows", "{6E22EF35-749B-46EF-AC3C-90E38184C24A}"
EndProject
Project("{9A19103F-16F7-4668-BE54-9A1E7A4F7556}") = "Kontrer.OwnerClient.Web.Presentation.BlazorWasm", "Kontrer.OwnerClient.Web.Presentation.BlazorWasm\Kontrer.OwnerClient.Web.Presentation.BlazorWasm.csproj", "{E76F3582-17B1-4684-9C4C-B6D64E7419A4}"
EndProject
Project("{2150E333-8FDC-42A3-9474-1A3956D46DE8}") = "3 - Kontrer.OwnerClient.Presentation", "3 - Kontrer.OwnerClient.Presentation", "{FF054EF1-DCC0-4632-8488-B3CF9634CBFA}"
EndProject
Project("{9A19103F-16F7-4668-BE54-9A1E7A4F7556}") = "Kontrer.OwnerClient.Application", "OwnerClient\Application\Kontrer.OwnerClient.Application\Kontrer.OwnerClient.Application.csproj", "{7166C0A5-04A8-4A1A-80C8-1AFA52BAF578}"
EndProject
Project("{9A19103F-16F7-4668-BE54-9A1E7A4F7556}") = "Kontrer.OwnerServer.OfferService.Application", "OwnerServer\OfferService\Application\Kontrer.OwnerServer.OfferService.Application\Kontrer.OwnerServer.OfferService.Application.csproj", "{342498A8-4D77-4F35-841E-E69F02CDD52B}"
EndProject
Project("{9A19103F-16F7-4668-BE54-9A1E7A4F7556}") = "Kontrer.OwnerServer.OfferService.Domain", "OwnerServer\OfferService\Domain\Kontrer.OwnerServer.OfferService.Domain\Kontrer.OwnerServer.OfferService.Domain.csproj", "{77F29290-04D5-42F9-A81E-C00262D667F4}"
EndProject
Project("{9A19103F-16F7-4668-BE54-9A1E7A4F7556}") = "Kontrer.OwnerServer.OrderService.Domain", "OwnerServer\OrderService\Domain\Kontrer.OwnerServer.OrderService.Domain\Kontrer.OwnerServer.OrderService.Domain.csproj", "{0015F906-19FF-47B2-8494-87A0DA10B26B}"
EndProject
Project("{2150E333-8FDC-42A3-9474-1A3956D46DE8}") = "Kontrer.Shared.Repositories", "Kontrer.Shared.Repositories", "{13321D9C-61E2-4EF8-B499-B9EEA7122BE1}"
EndProject
Project("{9A19103F-16F7-4668-BE54-9A1E7A4F7556}") = "Kontrer.Shared.Repositories", "Shared\Repositories\Kontrer.Shared.Repositories\Kontrer.Shared.Repositories.csproj", "{4439775F-39AB-4B9D-8E40-3A6AEC454CE8}"
EndProject
Project("{9A19103F-16F7-4668-BE54-9A1E7A4F7556}") = "Kontrer.Shared.Repositories.EF", "Shared\Repositories\Kontrer.Shared.Repositories.EF\Kontrer.Shared.Repositories.EF.csproj", "{6215A02D-108E-4EE0-B48B-305690A6AC66}"
EndProject
Project("{9A19103F-16F7-4668-BE54-9A1E7A4F7556}") = "Kontrer.Shared.Repositories.EF.Tests", "Shared\Repositories\Kontrer.Shared.Repositories.EF.Tests\Kontrer.Shared.Repositories.EF.Tests.csproj", "{51780BF0-6025-4853-9C16-B5E462C4934C}"
EndProject
Project("{2150E333-8FDC-42A3-9474-1A3956D46DE8}") = "Kontrer.Shared.MessageBus", "Kontrer.Shared.MessageBus", "{042C92C8-B6C6-4602-8762-0B7A4D75CF8A}"
EndProject
Project("{9A19103F-16F7-4668-BE54-9A1E7A4F7556}") = "Kontrer.Shared.MessageBus.Asp", "OwnerServer\MicroService\MessageBus\Kontrer.Shared.MessageBus.Asp\Kontrer.Shared.MessageBus.Asp.csproj", "{B8EA127F-6F93-4F6B-9B77-A57979D485D5}"
EndProject
Project("{2150E333-8FDC-42A3-9474-1A3956D46DE8}") = "Kontrer.Shared.DomainDrivenDesign", "Kontrer.Shared.DomainDrivenDesign", "{5147C6C2-2A83-4A2D-895C-88E694494500}"
EndProject
Project("{9A19103F-16F7-4668-BE54-9A1E7A4F7556}") = "Kontrer.Shared.DomainDrivenDesign.Domain", "Shared\DomainDrivenDesign\Kontrer.Shared.DomainDrivenDesign.Domain\Kontrer.Shared.DomainDrivenDesign.Domain.csproj", "{2FB9E95C-287E-4230-BC65-72B52D3F36F9}"
EndProject
Project("{9A19103F-16F7-4668-BE54-9A1E7A4F7556}") = "Kontrer.Shared.DomainDrivenDesign.Application", "Shared\DomainDrivenDesign\Kontrer.Shared.DomainDrivenDesign.Application\Kontrer.Shared.DomainDrivenDesign.Application.csproj", "{177A6C8C-90E8-48D8-A47F-39D9C8B7376A}"
EndProject
Project("{2150E333-8FDC-42A3-9474-1A3956D46DE8}") = "EmailService", "EmailService", "{7EFADF35-137C-4BD2-A8AF-198A03CC3507}"
EndProject
Project("{9A19103F-16F7-4668-BE54-9A1E7A4F7556}") = "Kontrer.Shared.MessageBus.MasstTransit", "OwnerServer\Shared\MessageBus\Kontrer.Shared.MessageBus.MasstTransit\Kontrer.Shared.MessageBus.MasstTransit.csproj", "{72C9077A-CED3-4642-86B4-AD408AC18BCE}"
EndProject
Project("{9A19103F-16F7-4668-BE54-9A1E7A4F7556}") = "Kontrer.Shared.MessageBus", "OwnerServer\Shared\MessageBus\Kontrer.Shared.MessageBus\Kontrer.Shared.MessageBus.csproj", "{2CA09DD3-7281-4474-AF1F-6B3842B555E0}"
EndProject
Project("{2150E333-8FDC-42A3-9474-1A3956D46DE8}") = "SandBox", "SandBox", "{4F31B45E-F786-4BC6-9F17-B2ED65239D24}"
EndProject
Project("{9A19103F-16F7-4668-BE54-9A1E7A4F7556}") = "SandBox.AspApiApp", "SandBox.AspApiApp\SandBox.AspApiApp.csproj", "{82303C2A-3125-467D-8D3C-05601B1BEDA6}"
EndProject
Project("{9A19103F-16F7-4668-BE54-9A1E7A4F7556}") = "Kontrer.Shared.MessageBus.HttpProxy.Client", "Shared\MessageBus\Kontrer.Shared.MessageBus.Proxy.Client\Kontrer.Shared.MessageBus.HttpProxy.Client.csproj", "{4BA810C6-302F-4B3E-8C92-696E800C2E41}"
EndProject
Project("{2150E333-8FDC-42A3-9474-1A3956D46DE8}") = "HttpProxy", "HttpProxy", "{6594F570-14ED-4420-9942-00D4669ADD25}"
EndProject
Project("{9A19103F-16F7-4668-BE54-9A1E7A4F7556}") = "Kontrer.Shared.MessageBus.HttpProxy.Shared", "Shared\MessageBus\Kontrer.Shared.MessageBus.Proxy.Shared\Kontrer.Shared.MessageBus.HttpProxy.Shared.csproj", "{AAB4B617-0454-437A-A871-5902E701DA60}"
EndProject
Project("{9A19103F-16F7-4668-BE54-9A1E7A4F7556}") = "Kontrer.Shared.MessageBus.HttpProxy.Server.Asp", "Kontrer.Shared.MessageBus.Proxy.Server.Asp\Kontrer.Shared.MessageBus.HttpProxy.Server.Asp.csproj", "{F92EC862-D81B-4759-953F-81AA39DA2B3F}"
EndProject
Project("{9A19103F-16F7-4668-BE54-9A1E7A4F7556}") = "SandBox.BlazorWasm", "SandBox.BlazorWasm\SandBox.BlazorWasm.csproj", "{17659D5F-8A54-46E7-94A8-530319433D7A}"
EndProject
Project("{9A19103F-16F7-4668-BE54-9A1E7A4F7556}") = "Kontrer.OwnerServer.CustomerService.Domain", "OwnerServer\CustomerService\Kontrer.OwnerServer.CustomerService.Domain\Kontrer.OwnerServer.CustomerService.Domain.csproj", "{67D70CF4-A6AB-4036-9287-43E36BBC4AAA}"
EndProject
Project("{9A19103F-16F7-4668-BE54-9A1E7A4F7556}") = "Kontrer.OwnerServer.CustomerService.Application", "OwnerServer\CustomerService\Kontrer.OwnerServer.CustomerService.Application\Kontrer.OwnerServer.CustomerService.Application.csproj", "{CC3DB8B0-BFAE-41AA-8A3F-DD7EC96DDB72}"
EndProject
Project("{9A19103F-16F7-4668-BE54-9A1E7A4F7556}") = "Kontrer.OwnerServer.CustomerService.Infrastructure", "OwnerServer\CustomerService\Kontrer.OwnerServer.CustomerService.Infrastructure\Kontrer.OwnerServer.CustomerService.Infrastructure.csproj", "{7AF18E04-B011-4CBB-BE6F-E84A7F8F6CA2}"
EndProject
Project("{9A19103F-16F7-4668-BE54-9A1E7A4F7556}") = "Kontrer.OwnerServer.CustomerService.Presentation.AspApi", "OwnerServer\CustomerService\Kontrer.OwnerServer.CustomerService.Presentation.AspApi\Kontrer.OwnerServer.CustomerService.Presentation.AspApi.csproj", "{71FDEDC1-FC0F-4B7A-8697-46B15F959071}"
EndProject
Project("{FAE04EC0-301F-11D3-BF4B-00C04F79EFBC}") = "Kontrer.OwnerServer.IdGeneratorService.Application", "Kontrer.OwnerServer.IdGenerator.Application\Kontrer.OwnerServer.IdGeneratorService.Application.csproj", "{84A5D213-F856-4390-BE5F-09C0527DB735}"
EndProject
Global
	GlobalSection(SolutionConfigurationPlatforms) = preSolution
		Debug|Any CPU = Debug|Any CPU
		Release|Any CPU = Release|Any CPU
	EndGlobalSection
	GlobalSection(ProjectConfigurationPlatforms) = postSolution
		{C0F24F9C-E415-4F2D-A5FE-AD2299DF9165}.Debug|Any CPU.ActiveCfg = Debug|Any CPU
		{C0F24F9C-E415-4F2D-A5FE-AD2299DF9165}.Debug|Any CPU.Build.0 = Debug|Any CPU
		{C0F24F9C-E415-4F2D-A5FE-AD2299DF9165}.Release|Any CPU.ActiveCfg = Release|Any CPU
		{C0F24F9C-E415-4F2D-A5FE-AD2299DF9165}.Release|Any CPU.Build.0 = Release|Any CPU
		{C05ACB45-94AF-4B24-B8D1-EF140678ECE6}.Debug|Any CPU.ActiveCfg = Debug|Any CPU
		{C05ACB45-94AF-4B24-B8D1-EF140678ECE6}.Debug|Any CPU.Build.0 = Debug|Any CPU
		{C05ACB45-94AF-4B24-B8D1-EF140678ECE6}.Release|Any CPU.ActiveCfg = Release|Any CPU
		{C05ACB45-94AF-4B24-B8D1-EF140678ECE6}.Release|Any CPU.Build.0 = Release|Any CPU
		{EA8490E8-EA80-4D25-B2DA-73D3D4C50AB7}.Debug|Any CPU.ActiveCfg = Debug|Any CPU
		{EA8490E8-EA80-4D25-B2DA-73D3D4C50AB7}.Debug|Any CPU.Build.0 = Debug|Any CPU
		{EA8490E8-EA80-4D25-B2DA-73D3D4C50AB7}.Release|Any CPU.ActiveCfg = Release|Any CPU
		{EA8490E8-EA80-4D25-B2DA-73D3D4C50AB7}.Release|Any CPU.Build.0 = Release|Any CPU
		{C3B2033C-23FD-4754-B4B6-BCEDCCD5F2E7}.Debug|Any CPU.ActiveCfg = Debug|Any CPU
		{C3B2033C-23FD-4754-B4B6-BCEDCCD5F2E7}.Debug|Any CPU.Build.0 = Debug|Any CPU
		{C3B2033C-23FD-4754-B4B6-BCEDCCD5F2E7}.Release|Any CPU.ActiveCfg = Release|Any CPU
		{C3B2033C-23FD-4754-B4B6-BCEDCCD5F2E7}.Release|Any CPU.Build.0 = Release|Any CPU
		{CB2E51D9-B7BA-42D8-8A92-8F888ED08FD0}.Debug|Any CPU.ActiveCfg = Debug|Any CPU
		{CB2E51D9-B7BA-42D8-8A92-8F888ED08FD0}.Debug|Any CPU.Build.0 = Debug|Any CPU
		{CB2E51D9-B7BA-42D8-8A92-8F888ED08FD0}.Release|Any CPU.ActiveCfg = Release|Any CPU
		{CB2E51D9-B7BA-42D8-8A92-8F888ED08FD0}.Release|Any CPU.Build.0 = Release|Any CPU
		{AAEB41A3-F0E8-4723-8B19-2132B874F8FD}.Debug|Any CPU.ActiveCfg = Debug|Any CPU
		{AAEB41A3-F0E8-4723-8B19-2132B874F8FD}.Debug|Any CPU.Build.0 = Debug|Any CPU
		{AAEB41A3-F0E8-4723-8B19-2132B874F8FD}.Release|Any CPU.ActiveCfg = Release|Any CPU
		{AAEB41A3-F0E8-4723-8B19-2132B874F8FD}.Release|Any CPU.Build.0 = Release|Any CPU
		{D1CEC829-29A4-46A7-A8D9-0D9EA72DB290}.Debug|Any CPU.ActiveCfg = Debug|Any CPU
		{D1CEC829-29A4-46A7-A8D9-0D9EA72DB290}.Debug|Any CPU.Build.0 = Debug|Any CPU
		{D1CEC829-29A4-46A7-A8D9-0D9EA72DB290}.Release|Any CPU.ActiveCfg = Release|Any CPU
		{D1CEC829-29A4-46A7-A8D9-0D9EA72DB290}.Release|Any CPU.Build.0 = Release|Any CPU
		{9273351E-8726-47A1-97C5-8C04FBF4A8CA}.Debug|Any CPU.ActiveCfg = Debug|Any CPU
		{9273351E-8726-47A1-97C5-8C04FBF4A8CA}.Debug|Any CPU.Build.0 = Debug|Any CPU
		{9273351E-8726-47A1-97C5-8C04FBF4A8CA}.Release|Any CPU.ActiveCfg = Release|Any CPU
		{9273351E-8726-47A1-97C5-8C04FBF4A8CA}.Release|Any CPU.Build.0 = Release|Any CPU
		{DE479972-C41A-4684-87F5-DE13997AAD55}.Debug|Any CPU.ActiveCfg = Debug|Any CPU
		{DE479972-C41A-4684-87F5-DE13997AAD55}.Debug|Any CPU.Build.0 = Debug|Any CPU
		{DE479972-C41A-4684-87F5-DE13997AAD55}.Release|Any CPU.ActiveCfg = Release|Any CPU
		{DE479972-C41A-4684-87F5-DE13997AAD55}.Release|Any CPU.Build.0 = Release|Any CPU
		{E17FD116-47D8-4B04-9034-ADC035D8CCD3}.Debug|Any CPU.ActiveCfg = Debug|Any CPU
		{E17FD116-47D8-4B04-9034-ADC035D8CCD3}.Debug|Any CPU.Build.0 = Debug|Any CPU
		{E17FD116-47D8-4B04-9034-ADC035D8CCD3}.Release|Any CPU.ActiveCfg = Release|Any CPU
		{E17FD116-47D8-4B04-9034-ADC035D8CCD3}.Release|Any CPU.Build.0 = Release|Any CPU
		{FEF51AA5-98FC-4C1B-B2AD-BF8CC4F8DCED}.Debug|Any CPU.ActiveCfg = Debug|Any CPU
		{FEF51AA5-98FC-4C1B-B2AD-BF8CC4F8DCED}.Debug|Any CPU.Build.0 = Debug|Any CPU
		{FEF51AA5-98FC-4C1B-B2AD-BF8CC4F8DCED}.Release|Any CPU.ActiveCfg = Release|Any CPU
		{FEF51AA5-98FC-4C1B-B2AD-BF8CC4F8DCED}.Release|Any CPU.Build.0 = Release|Any CPU
		{BEFA9F76-0A21-4ADE-A54D-534FCA8BF9AB}.Debug|Any CPU.ActiveCfg = Debug|Any CPU
		{BEFA9F76-0A21-4ADE-A54D-534FCA8BF9AB}.Debug|Any CPU.Build.0 = Debug|Any CPU
		{BEFA9F76-0A21-4ADE-A54D-534FCA8BF9AB}.Release|Any CPU.ActiveCfg = Release|Any CPU
		{BEFA9F76-0A21-4ADE-A54D-534FCA8BF9AB}.Release|Any CPU.Build.0 = Release|Any CPU
		{C021ED38-077F-4EA9-80AE-07C5D860762D}.Debug|Any CPU.ActiveCfg = Debug|Any CPU
		{C021ED38-077F-4EA9-80AE-07C5D860762D}.Debug|Any CPU.Build.0 = Debug|Any CPU
		{C021ED38-077F-4EA9-80AE-07C5D860762D}.Release|Any CPU.ActiveCfg = Release|Any CPU
		{C021ED38-077F-4EA9-80AE-07C5D860762D}.Release|Any CPU.Build.0 = Release|Any CPU
		{64509147-2180-49DA-958B-4DDF88CE2B60}.Debug|Any CPU.ActiveCfg = Debug|Any CPU
		{64509147-2180-49DA-958B-4DDF88CE2B60}.Debug|Any CPU.Build.0 = Debug|Any CPU
		{64509147-2180-49DA-958B-4DDF88CE2B60}.Release|Any CPU.ActiveCfg = Release|Any CPU
		{64509147-2180-49DA-958B-4DDF88CE2B60}.Release|Any CPU.Build.0 = Release|Any CPU
		{DCDBBA0D-52FE-4775-88C6-C4724F9CBD99}.Debug|Any CPU.ActiveCfg = Debug|Any CPU
		{DCDBBA0D-52FE-4775-88C6-C4724F9CBD99}.Debug|Any CPU.Build.0 = Debug|Any CPU
		{DCDBBA0D-52FE-4775-88C6-C4724F9CBD99}.Release|Any CPU.ActiveCfg = Release|Any CPU
		{DCDBBA0D-52FE-4775-88C6-C4724F9CBD99}.Release|Any CPU.Build.0 = Release|Any CPU
		{D712DF91-2190-4BC9-ACF7-161E2D8F0D96}.Debug|Any CPU.ActiveCfg = Debug|Any CPU
		{D712DF91-2190-4BC9-ACF7-161E2D8F0D96}.Debug|Any CPU.Build.0 = Debug|Any CPU
		{D712DF91-2190-4BC9-ACF7-161E2D8F0D96}.Release|Any CPU.ActiveCfg = Release|Any CPU
		{D712DF91-2190-4BC9-ACF7-161E2D8F0D96}.Release|Any CPU.Build.0 = Release|Any CPU
		{76BB30E3-1F19-4161-B9D9-3E088F33F9CD}.Debug|Any CPU.ActiveCfg = Debug|Any CPU
		{76BB30E3-1F19-4161-B9D9-3E088F33F9CD}.Debug|Any CPU.Build.0 = Debug|Any CPU
		{76BB30E3-1F19-4161-B9D9-3E088F33F9CD}.Release|Any CPU.ActiveCfg = Release|Any CPU
		{76BB30E3-1F19-4161-B9D9-3E088F33F9CD}.Release|Any CPU.Build.0 = Release|Any CPU
		{DB931DC3-BC9E-4187-A8DC-9B84C4B6E934}.Debug|Any CPU.ActiveCfg = Debug|Any CPU
		{DB931DC3-BC9E-4187-A8DC-9B84C4B6E934}.Debug|Any CPU.Build.0 = Debug|Any CPU
		{DB931DC3-BC9E-4187-A8DC-9B84C4B6E934}.Release|Any CPU.ActiveCfg = Release|Any CPU
		{DB931DC3-BC9E-4187-A8DC-9B84C4B6E934}.Release|Any CPU.Build.0 = Release|Any CPU
		{63989315-89F1-4AB2-A17B-E9ABD522F78E}.Debug|Any CPU.ActiveCfg = Debug|Any CPU
		{63989315-89F1-4AB2-A17B-E9ABD522F78E}.Debug|Any CPU.Build.0 = Debug|Any CPU
		{63989315-89F1-4AB2-A17B-E9ABD522F78E}.Release|Any CPU.ActiveCfg = Release|Any CPU
		{63989315-89F1-4AB2-A17B-E9ABD522F78E}.Release|Any CPU.Build.0 = Release|Any CPU
		{384DB3D7-E7DD-45C5-8DCC-5576EA549C47}.Debug|Any CPU.ActiveCfg = Debug|Any CPU
		{384DB3D7-E7DD-45C5-8DCC-5576EA549C47}.Debug|Any CPU.Build.0 = Debug|Any CPU
		{384DB3D7-E7DD-45C5-8DCC-5576EA549C47}.Release|Any CPU.ActiveCfg = Release|Any CPU
		{384DB3D7-E7DD-45C5-8DCC-5576EA549C47}.Release|Any CPU.Build.0 = Release|Any CPU
		{DB28005B-834A-40C6-AF02-862D80DC052F}.Debug|Any CPU.ActiveCfg = Debug|Any CPU
		{DB28005B-834A-40C6-AF02-862D80DC052F}.Debug|Any CPU.Build.0 = Debug|Any CPU
		{DB28005B-834A-40C6-AF02-862D80DC052F}.Release|Any CPU.ActiveCfg = Release|Any CPU
		{DB28005B-834A-40C6-AF02-862D80DC052F}.Release|Any CPU.Build.0 = Release|Any CPU
		{704652A2-C428-44F5-8F9F-46EF5FD70A80}.Debug|Any CPU.ActiveCfg = Debug|Any CPU
		{704652A2-C428-44F5-8F9F-46EF5FD70A80}.Debug|Any CPU.Build.0 = Debug|Any CPU
		{704652A2-C428-44F5-8F9F-46EF5FD70A80}.Release|Any CPU.ActiveCfg = Release|Any CPU
		{704652A2-C428-44F5-8F9F-46EF5FD70A80}.Release|Any CPU.Build.0 = Release|Any CPU
		{1631ECD6-B51E-4559-953F-A1AEF22DE87D}.Debug|Any CPU.ActiveCfg = Debug|Any CPU
		{1631ECD6-B51E-4559-953F-A1AEF22DE87D}.Debug|Any CPU.Build.0 = Debug|Any CPU
		{1631ECD6-B51E-4559-953F-A1AEF22DE87D}.Release|Any CPU.ActiveCfg = Release|Any CPU
		{1631ECD6-B51E-4559-953F-A1AEF22DE87D}.Release|Any CPU.Build.0 = Release|Any CPU
		{6A9A3542-072B-4D86-B771-1EF518C8FFE5}.Debug|Any CPU.ActiveCfg = Debug|Any CPU
		{6A9A3542-072B-4D86-B771-1EF518C8FFE5}.Debug|Any CPU.Build.0 = Debug|Any CPU
		{6A9A3542-072B-4D86-B771-1EF518C8FFE5}.Release|Any CPU.ActiveCfg = Release|Any CPU
		{6A9A3542-072B-4D86-B771-1EF518C8FFE5}.Release|Any CPU.Build.0 = Release|Any CPU
		{09E7B628-E0D4-45A8-9ABE-A9EAFC7923CD}.Debug|Any CPU.ActiveCfg = Debug|Any CPU
		{09E7B628-E0D4-45A8-9ABE-A9EAFC7923CD}.Debug|Any CPU.Build.0 = Debug|Any CPU
		{09E7B628-E0D4-45A8-9ABE-A9EAFC7923CD}.Release|Any CPU.ActiveCfg = Release|Any CPU
		{09E7B628-E0D4-45A8-9ABE-A9EAFC7923CD}.Release|Any CPU.Build.0 = Release|Any CPU
		{E23E192F-FC3C-4C20-9C6E-6362F343D2D0}.Debug|Any CPU.ActiveCfg = Debug|Any CPU
		{E23E192F-FC3C-4C20-9C6E-6362F343D2D0}.Debug|Any CPU.Build.0 = Debug|Any CPU
		{E23E192F-FC3C-4C20-9C6E-6362F343D2D0}.Release|Any CPU.ActiveCfg = Release|Any CPU
		{E23E192F-FC3C-4C20-9C6E-6362F343D2D0}.Release|Any CPU.Build.0 = Release|Any CPU
		{B3871DC5-D19D-45AA-BDEE-DD90D3225BBC}.Debug|Any CPU.ActiveCfg = Debug|Any CPU
		{B3871DC5-D19D-45AA-BDEE-DD90D3225BBC}.Debug|Any CPU.Build.0 = Debug|Any CPU
		{B3871DC5-D19D-45AA-BDEE-DD90D3225BBC}.Release|Any CPU.ActiveCfg = Release|Any CPU
		{B3871DC5-D19D-45AA-BDEE-DD90D3225BBC}.Release|Any CPU.Build.0 = Release|Any CPU
		{D2F2E6EF-3315-4E07-A447-5DE5A503F5EE}.Debug|Any CPU.ActiveCfg = Debug|Any CPU
		{D2F2E6EF-3315-4E07-A447-5DE5A503F5EE}.Debug|Any CPU.Build.0 = Debug|Any CPU
		{D2F2E6EF-3315-4E07-A447-5DE5A503F5EE}.Release|Any CPU.ActiveCfg = Release|Any CPU
		{D2F2E6EF-3315-4E07-A447-5DE5A503F5EE}.Release|Any CPU.Build.0 = Release|Any CPU
		{D333CD98-F7DA-4DEF-BACF-C816DA23A725}.Debug|Any CPU.ActiveCfg = Debug|Any CPU
		{D333CD98-F7DA-4DEF-BACF-C816DA23A725}.Debug|Any CPU.Build.0 = Debug|Any CPU
		{D333CD98-F7DA-4DEF-BACF-C816DA23A725}.Release|Any CPU.ActiveCfg = Release|Any CPU
		{D333CD98-F7DA-4DEF-BACF-C816DA23A725}.Release|Any CPU.Build.0 = Release|Any CPU
		{8B52CDDE-F9B2-4F86-B3DB-3AEB8E9603F3}.Debug|Any CPU.ActiveCfg = Debug|Any CPU
		{8B52CDDE-F9B2-4F86-B3DB-3AEB8E9603F3}.Debug|Any CPU.Build.0 = Debug|Any CPU
		{8B52CDDE-F9B2-4F86-B3DB-3AEB8E9603F3}.Release|Any CPU.ActiveCfg = Release|Any CPU
		{8B52CDDE-F9B2-4F86-B3DB-3AEB8E9603F3}.Release|Any CPU.Build.0 = Release|Any CPU
		{9B3BF23F-8E2C-4F73-BB37-D906820D36C4}.Debug|Any CPU.ActiveCfg = Debug|Any CPU
		{9B3BF23F-8E2C-4F73-BB37-D906820D36C4}.Debug|Any CPU.Build.0 = Debug|Any CPU
		{9B3BF23F-8E2C-4F73-BB37-D906820D36C4}.Release|Any CPU.ActiveCfg = Release|Any CPU
		{9B3BF23F-8E2C-4F73-BB37-D906820D36C4}.Release|Any CPU.Build.0 = Release|Any CPU
		{4436EC88-11DD-4FD6-8D2C-41D560D953D0}.Debug|Any CPU.ActiveCfg = Debug|Any CPU
		{4436EC88-11DD-4FD6-8D2C-41D560D953D0}.Debug|Any CPU.Build.0 = Debug|Any CPU
		{4436EC88-11DD-4FD6-8D2C-41D560D953D0}.Release|Any CPU.ActiveCfg = Release|Any CPU
		{4436EC88-11DD-4FD6-8D2C-41D560D953D0}.Release|Any CPU.Build.0 = Release|Any CPU
		{DC6A53FE-9DA1-42FA-AD0B-329AA7F5C096}.Debug|Any CPU.ActiveCfg = Debug|Any CPU
		{DC6A53FE-9DA1-42FA-AD0B-329AA7F5C096}.Debug|Any CPU.Build.0 = Debug|Any CPU
		{DC6A53FE-9DA1-42FA-AD0B-329AA7F5C096}.Release|Any CPU.ActiveCfg = Release|Any CPU
		{DC6A53FE-9DA1-42FA-AD0B-329AA7F5C096}.Release|Any CPU.Build.0 = Release|Any CPU
		{E76F3582-17B1-4684-9C4C-B6D64E7419A4}.Debug|Any CPU.ActiveCfg = Debug|Any CPU
		{E76F3582-17B1-4684-9C4C-B6D64E7419A4}.Debug|Any CPU.Build.0 = Debug|Any CPU
		{E76F3582-17B1-4684-9C4C-B6D64E7419A4}.Release|Any CPU.ActiveCfg = Release|Any CPU
		{E76F3582-17B1-4684-9C4C-B6D64E7419A4}.Release|Any CPU.Build.0 = Release|Any CPU
		{7166C0A5-04A8-4A1A-80C8-1AFA52BAF578}.Debug|Any CPU.ActiveCfg = Debug|Any CPU
		{7166C0A5-04A8-4A1A-80C8-1AFA52BAF578}.Debug|Any CPU.Build.0 = Debug|Any CPU
		{7166C0A5-04A8-4A1A-80C8-1AFA52BAF578}.Release|Any CPU.ActiveCfg = Release|Any CPU
		{7166C0A5-04A8-4A1A-80C8-1AFA52BAF578}.Release|Any CPU.Build.0 = Release|Any CPU
		{342498A8-4D77-4F35-841E-E69F02CDD52B}.Debug|Any CPU.ActiveCfg = Debug|Any CPU
		{342498A8-4D77-4F35-841E-E69F02CDD52B}.Debug|Any CPU.Build.0 = Debug|Any CPU
		{342498A8-4D77-4F35-841E-E69F02CDD52B}.Release|Any CPU.ActiveCfg = Release|Any CPU
		{342498A8-4D77-4F35-841E-E69F02CDD52B}.Release|Any CPU.Build.0 = Release|Any CPU
		{77F29290-04D5-42F9-A81E-C00262D667F4}.Debug|Any CPU.ActiveCfg = Debug|Any CPU
		{77F29290-04D5-42F9-A81E-C00262D667F4}.Debug|Any CPU.Build.0 = Debug|Any CPU
		{77F29290-04D5-42F9-A81E-C00262D667F4}.Release|Any CPU.ActiveCfg = Release|Any CPU
		{77F29290-04D5-42F9-A81E-C00262D667F4}.Release|Any CPU.Build.0 = Release|Any CPU
		{0015F906-19FF-47B2-8494-87A0DA10B26B}.Debug|Any CPU.ActiveCfg = Debug|Any CPU
		{0015F906-19FF-47B2-8494-87A0DA10B26B}.Debug|Any CPU.Build.0 = Debug|Any CPU
		{0015F906-19FF-47B2-8494-87A0DA10B26B}.Release|Any CPU.ActiveCfg = Release|Any CPU
		{0015F906-19FF-47B2-8494-87A0DA10B26B}.Release|Any CPU.Build.0 = Release|Any CPU
		{4439775F-39AB-4B9D-8E40-3A6AEC454CE8}.Debug|Any CPU.ActiveCfg = Debug|Any CPU
		{4439775F-39AB-4B9D-8E40-3A6AEC454CE8}.Debug|Any CPU.Build.0 = Debug|Any CPU
		{4439775F-39AB-4B9D-8E40-3A6AEC454CE8}.Release|Any CPU.ActiveCfg = Release|Any CPU
		{4439775F-39AB-4B9D-8E40-3A6AEC454CE8}.Release|Any CPU.Build.0 = Release|Any CPU
		{6215A02D-108E-4EE0-B48B-305690A6AC66}.Debug|Any CPU.ActiveCfg = Debug|Any CPU
		{6215A02D-108E-4EE0-B48B-305690A6AC66}.Debug|Any CPU.Build.0 = Debug|Any CPU
		{6215A02D-108E-4EE0-B48B-305690A6AC66}.Release|Any CPU.ActiveCfg = Release|Any CPU
		{6215A02D-108E-4EE0-B48B-305690A6AC66}.Release|Any CPU.Build.0 = Release|Any CPU
		{51780BF0-6025-4853-9C16-B5E462C4934C}.Debug|Any CPU.ActiveCfg = Debug|Any CPU
		{51780BF0-6025-4853-9C16-B5E462C4934C}.Debug|Any CPU.Build.0 = Debug|Any CPU
		{51780BF0-6025-4853-9C16-B5E462C4934C}.Release|Any CPU.ActiveCfg = Release|Any CPU
		{51780BF0-6025-4853-9C16-B5E462C4934C}.Release|Any CPU.Build.0 = Release|Any CPU
		{B8EA127F-6F93-4F6B-9B77-A57979D485D5}.Debug|Any CPU.ActiveCfg = Debug|Any CPU
		{B8EA127F-6F93-4F6B-9B77-A57979D485D5}.Debug|Any CPU.Build.0 = Debug|Any CPU
		{B8EA127F-6F93-4F6B-9B77-A57979D485D5}.Release|Any CPU.ActiveCfg = Release|Any CPU
		{B8EA127F-6F93-4F6B-9B77-A57979D485D5}.Release|Any CPU.Build.0 = Release|Any CPU
		{2FB9E95C-287E-4230-BC65-72B52D3F36F9}.Debug|Any CPU.ActiveCfg = Debug|Any CPU
		{2FB9E95C-287E-4230-BC65-72B52D3F36F9}.Debug|Any CPU.Build.0 = Debug|Any CPU
		{2FB9E95C-287E-4230-BC65-72B52D3F36F9}.Release|Any CPU.ActiveCfg = Release|Any CPU
		{2FB9E95C-287E-4230-BC65-72B52D3F36F9}.Release|Any CPU.Build.0 = Release|Any CPU
		{177A6C8C-90E8-48D8-A47F-39D9C8B7376A}.Debug|Any CPU.ActiveCfg = Debug|Any CPU
		{177A6C8C-90E8-48D8-A47F-39D9C8B7376A}.Debug|Any CPU.Build.0 = Debug|Any CPU
		{177A6C8C-90E8-48D8-A47F-39D9C8B7376A}.Release|Any CPU.ActiveCfg = Release|Any CPU
		{177A6C8C-90E8-48D8-A47F-39D9C8B7376A}.Release|Any CPU.Build.0 = Release|Any CPU
		{72C9077A-CED3-4642-86B4-AD408AC18BCE}.Debug|Any CPU.ActiveCfg = Debug|Any CPU
		{72C9077A-CED3-4642-86B4-AD408AC18BCE}.Debug|Any CPU.Build.0 = Debug|Any CPU
		{72C9077A-CED3-4642-86B4-AD408AC18BCE}.Release|Any CPU.ActiveCfg = Release|Any CPU
		{72C9077A-CED3-4642-86B4-AD408AC18BCE}.Release|Any CPU.Build.0 = Release|Any CPU
		{2CA09DD3-7281-4474-AF1F-6B3842B555E0}.Debug|Any CPU.ActiveCfg = Debug|Any CPU
		{2CA09DD3-7281-4474-AF1F-6B3842B555E0}.Debug|Any CPU.Build.0 = Debug|Any CPU
		{2CA09DD3-7281-4474-AF1F-6B3842B555E0}.Release|Any CPU.ActiveCfg = Release|Any CPU
		{2CA09DD3-7281-4474-AF1F-6B3842B555E0}.Release|Any CPU.Build.0 = Release|Any CPU
		{82303C2A-3125-467D-8D3C-05601B1BEDA6}.Debug|Any CPU.ActiveCfg = Debug|Any CPU
		{82303C2A-3125-467D-8D3C-05601B1BEDA6}.Debug|Any CPU.Build.0 = Debug|Any CPU
		{82303C2A-3125-467D-8D3C-05601B1BEDA6}.Release|Any CPU.ActiveCfg = Release|Any CPU
		{82303C2A-3125-467D-8D3C-05601B1BEDA6}.Release|Any CPU.Build.0 = Release|Any CPU
		{4BA810C6-302F-4B3E-8C92-696E800C2E41}.Debug|Any CPU.ActiveCfg = Debug|Any CPU
		{4BA810C6-302F-4B3E-8C92-696E800C2E41}.Debug|Any CPU.Build.0 = Debug|Any CPU
		{4BA810C6-302F-4B3E-8C92-696E800C2E41}.Release|Any CPU.ActiveCfg = Release|Any CPU
		{4BA810C6-302F-4B3E-8C92-696E800C2E41}.Release|Any CPU.Build.0 = Release|Any CPU
		{AAB4B617-0454-437A-A871-5902E701DA60}.Debug|Any CPU.ActiveCfg = Debug|Any CPU
		{AAB4B617-0454-437A-A871-5902E701DA60}.Debug|Any CPU.Build.0 = Debug|Any CPU
		{AAB4B617-0454-437A-A871-5902E701DA60}.Release|Any CPU.ActiveCfg = Release|Any CPU
		{AAB4B617-0454-437A-A871-5902E701DA60}.Release|Any CPU.Build.0 = Release|Any CPU
		{F92EC862-D81B-4759-953F-81AA39DA2B3F}.Debug|Any CPU.ActiveCfg = Debug|Any CPU
		{F92EC862-D81B-4759-953F-81AA39DA2B3F}.Debug|Any CPU.Build.0 = Debug|Any CPU
		{F92EC862-D81B-4759-953F-81AA39DA2B3F}.Release|Any CPU.ActiveCfg = Release|Any CPU
		{F92EC862-D81B-4759-953F-81AA39DA2B3F}.Release|Any CPU.Build.0 = Release|Any CPU
		{17659D5F-8A54-46E7-94A8-530319433D7A}.Debug|Any CPU.ActiveCfg = Debug|Any CPU
		{17659D5F-8A54-46E7-94A8-530319433D7A}.Debug|Any CPU.Build.0 = Debug|Any CPU
		{17659D5F-8A54-46E7-94A8-530319433D7A}.Release|Any CPU.ActiveCfg = Release|Any CPU
		{17659D5F-8A54-46E7-94A8-530319433D7A}.Release|Any CPU.Build.0 = Release|Any CPU
		{67D70CF4-A6AB-4036-9287-43E36BBC4AAA}.Debug|Any CPU.ActiveCfg = Debug|Any CPU
		{67D70CF4-A6AB-4036-9287-43E36BBC4AAA}.Debug|Any CPU.Build.0 = Debug|Any CPU
		{67D70CF4-A6AB-4036-9287-43E36BBC4AAA}.Release|Any CPU.ActiveCfg = Release|Any CPU
		{67D70CF4-A6AB-4036-9287-43E36BBC4AAA}.Release|Any CPU.Build.0 = Release|Any CPU
		{CC3DB8B0-BFAE-41AA-8A3F-DD7EC96DDB72}.Debug|Any CPU.ActiveCfg = Debug|Any CPU
		{CC3DB8B0-BFAE-41AA-8A3F-DD7EC96DDB72}.Debug|Any CPU.Build.0 = Debug|Any CPU
		{CC3DB8B0-BFAE-41AA-8A3F-DD7EC96DDB72}.Release|Any CPU.ActiveCfg = Release|Any CPU
		{CC3DB8B0-BFAE-41AA-8A3F-DD7EC96DDB72}.Release|Any CPU.Build.0 = Release|Any CPU
		{7AF18E04-B011-4CBB-BE6F-E84A7F8F6CA2}.Debug|Any CPU.ActiveCfg = Debug|Any CPU
		{7AF18E04-B011-4CBB-BE6F-E84A7F8F6CA2}.Debug|Any CPU.Build.0 = Debug|Any CPU
		{7AF18E04-B011-4CBB-BE6F-E84A7F8F6CA2}.Release|Any CPU.ActiveCfg = Release|Any CPU
		{7AF18E04-B011-4CBB-BE6F-E84A7F8F6CA2}.Release|Any CPU.Build.0 = Release|Any CPU
		{71FDEDC1-FC0F-4B7A-8697-46B15F959071}.Debug|Any CPU.ActiveCfg = Debug|Any CPU
		{71FDEDC1-FC0F-4B7A-8697-46B15F959071}.Debug|Any CPU.Build.0 = Debug|Any CPU
		{71FDEDC1-FC0F-4B7A-8697-46B15F959071}.Release|Any CPU.ActiveCfg = Release|Any CPU
		{71FDEDC1-FC0F-4B7A-8697-46B15F959071}.Release|Any CPU.Build.0 = Release|Any CPU
		{84A5D213-F856-4390-BE5F-09C0527DB735}.Debug|Any CPU.ActiveCfg = Debug|Any CPU
		{84A5D213-F856-4390-BE5F-09C0527DB735}.Debug|Any CPU.Build.0 = Debug|Any CPU
		{84A5D213-F856-4390-BE5F-09C0527DB735}.Release|Any CPU.ActiveCfg = Release|Any CPU
		{84A5D213-F856-4390-BE5F-09C0527DB735}.Release|Any CPU.Build.0 = Release|Any CPU
	EndGlobalSection
	GlobalSection(SolutionProperties) = preSolution
		HideSolutionNode = FALSE
	EndGlobalSection
	GlobalSection(NestedProjects) = preSolution
		{5195E098-A486-4618-8B4E-D544CAC6EC5C} = {6E22EF35-749B-46EF-AC3C-90E38184C24A}
		{F5E78D67-7223-44BE-9B48-126DD36FFF84} = {6E22EF35-749B-46EF-AC3C-90E38184C24A}
		{80BFEF7A-1E07-4503-8AFF-BDC5EF0064D6} = {6E22EF35-749B-46EF-AC3C-90E38184C24A}
		{C0F24F9C-E415-4F2D-A5FE-AD2299DF9165} = {57BBB39E-7EE9-4C90-8CBB-3820E13E5E01}
		{C05ACB45-94AF-4B24-B8D1-EF140678ECE6} = {F5E78D67-7223-44BE-9B48-126DD36FFF84}
		{EA8490E8-EA80-4D25-B2DA-73D3D4C50AB7} = {F5E78D67-7223-44BE-9B48-126DD36FFF84}
		{C3B2033C-23FD-4754-B4B6-BCEDCCD5F2E7} = {6E22EF35-749B-46EF-AC3C-90E38184C24A}
		{CB2E51D9-B7BA-42D8-8A92-8F888ED08FD0} = {6E22EF35-749B-46EF-AC3C-90E38184C24A}
		{AAEB41A3-F0E8-4723-8B19-2132B874F8FD} = {F5E78D67-7223-44BE-9B48-126DD36FFF84}
		{D1CEC829-29A4-46A7-A8D9-0D9EA72DB290} = {5195E098-A486-4618-8B4E-D544CAC6EC5C}
		{9273351E-8726-47A1-97C5-8C04FBF4A8CA} = {5195E098-A486-4618-8B4E-D544CAC6EC5C}
		{DE479972-C41A-4684-87F5-DE13997AAD55} = {80BFEF7A-1E07-4503-8AFF-BDC5EF0064D6}
		{E17FD116-47D8-4B04-9034-ADC035D8CCD3} = {80BFEF7A-1E07-4503-8AFF-BDC5EF0064D6}
		{FEF51AA5-98FC-4C1B-B2AD-BF8CC4F8DCED} = {4DD65258-5BC8-4506-BC35-5407321D32AE}
		{BEFA9F76-0A21-4ADE-A54D-534FCA8BF9AB} = {4DD65258-5BC8-4506-BC35-5407321D32AE}
		{F6F89EA0-279A-4493-AE63-B686B26CC1BC} = {027424FD-BF04-4D83-837E-EA2912E4AED1}
		{E67FE4DE-7AF6-4FB7-B0CD-805EC458C76A} = {027424FD-BF04-4D83-837E-EA2912E4AED1}
		{0A0ADA3B-BEF2-4A91-9375-E9217F089FC2} = {027424FD-BF04-4D83-837E-EA2912E4AED1}
		{43515AD6-D565-4FD8-9328-C7E53E12692A} = {027424FD-BF04-4D83-837E-EA2912E4AED1}
		{B33DFE79-85D3-4824-83BA-C67F24C8DD42} = {F6F89EA0-279A-4493-AE63-B686B26CC1BC}
		{95EA29C2-A77A-4CDC-8F56-A7F800E35B55} = {F6F89EA0-279A-4493-AE63-B686B26CC1BC}
		{A47201C4-B7AC-4BF3-8C9A-741CE42C1ACC} = {F6F89EA0-279A-4493-AE63-B686B26CC1BC}
		{C021ED38-077F-4EA9-80AE-07C5D860762D} = {A47201C4-B7AC-4BF3-8C9A-741CE42C1ACC}
		{64509147-2180-49DA-958B-4DDF88CE2B60} = {A47201C4-B7AC-4BF3-8C9A-741CE42C1ACC}
		{63568DA1-5067-4909-8FE5-F402D8407720} = {027424FD-BF04-4D83-837E-EA2912E4AED1}
		{DCDBBA0D-52FE-4775-88C6-C4724F9CBD99} = {63568DA1-5067-4909-8FE5-F402D8407720}
		{E4789728-07E7-431E-BD89-52F5D7E1C69E} = {E67FE4DE-7AF6-4FB7-B0CD-805EC458C76A}
		{D712DF91-2190-4BC9-ACF7-161E2D8F0D96} = {E4789728-07E7-431E-BD89-52F5D7E1C69E}
		{5A3CEB08-57CC-4E59-82F3-930A1CC685CF} = {E67FE4DE-7AF6-4FB7-B0CD-805EC458C76A}
		{76BB30E3-1F19-4161-B9D9-3E088F33F9CD} = {5A3CEB08-57CC-4E59-82F3-930A1CC685CF}
		{DB931DC3-BC9E-4187-A8DC-9B84C4B6E934} = {5A3CEB08-57CC-4E59-82F3-930A1CC685CF}
		{5AA9BA8F-745B-4513-88A1-F5CD7043C51E} = {43515AD6-D565-4FD8-9328-C7E53E12692A}
		{CE696D5A-3DAC-44E2-9B8A-771158CD38DD} = {E67FE4DE-7AF6-4FB7-B0CD-805EC458C76A}
		{63989315-89F1-4AB2-A17B-E9ABD522F78E} = {CE696D5A-3DAC-44E2-9B8A-771158CD38DD}
		{384DB3D7-E7DD-45C5-8DCC-5576EA549C47} = {CE696D5A-3DAC-44E2-9B8A-771158CD38DD}
		{DB28005B-834A-40C6-AF02-862D80DC052F} = {5AA9BA8F-745B-4513-88A1-F5CD7043C51E}
		{704652A2-C428-44F5-8F9F-46EF5FD70A80} = {5AA9BA8F-745B-4513-88A1-F5CD7043C51E}
		{BCCAB445-1862-4094-A69F-295C850674B7} = {5AA9BA8F-745B-4513-88A1-F5CD7043C51E}
		{1631ECD6-B51E-4559-953F-A1AEF22DE87D} = {BCCAB445-1862-4094-A69F-295C850674B7}
		{7C9703B7-1D17-4961-91D5-E21BF3D843A2} = {4DD65258-5BC8-4506-BC35-5407321D32AE}
		{6A9A3542-072B-4D86-B771-1EF518C8FFE5} = {7C9703B7-1D17-4961-91D5-E21BF3D843A2}
		{09E7B628-E0D4-45A8-9ABE-A9EAFC7923CD} = {7C9703B7-1D17-4961-91D5-E21BF3D843A2}
		{E23E192F-FC3C-4C20-9C6E-6362F343D2D0} = {63568DA1-5067-4909-8FE5-F402D8407720}
		{B3871DC5-D19D-45AA-BDEE-DD90D3225BBC} = {BCCAB445-1862-4094-A69F-295C850674B7}
		{D2F2E6EF-3315-4E07-A447-5DE5A503F5EE} = {63568DA1-5067-4909-8FE5-F402D8407720}
		{D333CD98-F7DA-4DEF-BACF-C816DA23A725} = {63568DA1-5067-4909-8FE5-F402D8407720}
		{8B52CDDE-F9B2-4F86-B3DB-3AEB8E9603F3} = {4D52BD97-C994-4652-AB94-E404AAE3F540}
		{871B6CBE-70DF-47D3-AD00-E23DF3FEA266} = {027424FD-BF04-4D83-837E-EA2912E4AED1}
		{4D52BD97-C994-4652-AB94-E404AAE3F540} = {871B6CBE-70DF-47D3-AD00-E23DF3FEA266}
		{9B3BF23F-8E2C-4F73-BB37-D906820D36C4} = {4D52BD97-C994-4652-AB94-E404AAE3F540}
		{AF685BC0-4C70-4017-B228-3D2ED3B504A0} = {027424FD-BF04-4D83-837E-EA2912E4AED1}
		{4436EC88-11DD-4FD6-8D2C-41D560D953D0} = {E4789728-07E7-431E-BD89-52F5D7E1C69E}
		{DC6A53FE-9DA1-42FA-AD0B-329AA7F5C096} = {43515AD6-D565-4FD8-9328-C7E53E12692A}
		{6E22EF35-749B-46EF-AC3C-90E38184C24A} = {FF054EF1-DCC0-4632-8488-B3CF9634CBFA}
		{E76F3582-17B1-4684-9C4C-B6D64E7419A4} = {FF054EF1-DCC0-4632-8488-B3CF9634CBFA}
		{FF054EF1-DCC0-4632-8488-B3CF9634CBFA} = {57BBB39E-7EE9-4C90-8CBB-3820E13E5E01}
		{7166C0A5-04A8-4A1A-80C8-1AFA52BAF578} = {57BBB39E-7EE9-4C90-8CBB-3820E13E5E01}
		{342498A8-4D77-4F35-841E-E69F02CDD52B} = {AF685BC0-4C70-4017-B228-3D2ED3B504A0}
		{77F29290-04D5-42F9-A81E-C00262D667F4} = {AF685BC0-4C70-4017-B228-3D2ED3B504A0}
		{0015F906-19FF-47B2-8494-87A0DA10B26B} = {63568DA1-5067-4909-8FE5-F402D8407720}
		{13321D9C-61E2-4EF8-B499-B9EEA7122BE1} = {4DD65258-5BC8-4506-BC35-5407321D32AE}
		{4439775F-39AB-4B9D-8E40-3A6AEC454CE8} = {13321D9C-61E2-4EF8-B499-B9EEA7122BE1}
		{6215A02D-108E-4EE0-B48B-305690A6AC66} = {13321D9C-61E2-4EF8-B499-B9EEA7122BE1}
		{51780BF0-6025-4853-9C16-B5E462C4934C} = {13321D9C-61E2-4EF8-B499-B9EEA7122BE1}
		{042C92C8-B6C6-4602-8762-0B7A4D75CF8A} = {4DD65258-5BC8-4506-BC35-5407321D32AE}
		{B8EA127F-6F93-4F6B-9B77-A57979D485D5} = {042C92C8-B6C6-4602-8762-0B7A4D75CF8A}
		{5147C6C2-2A83-4A2D-895C-88E694494500} = {4DD65258-5BC8-4506-BC35-5407321D32AE}
		{2FB9E95C-287E-4230-BC65-72B52D3F36F9} = {5147C6C2-2A83-4A2D-895C-88E694494500}
		{177A6C8C-90E8-48D8-A47F-39D9C8B7376A} = {5147C6C2-2A83-4A2D-895C-88E694494500}
		{7EFADF35-137C-4BD2-A8AF-198A03CC3507} = {027424FD-BF04-4D83-837E-EA2912E4AED1}
		{72C9077A-CED3-4642-86B4-AD408AC18BCE} = {042C92C8-B6C6-4602-8762-0B7A4D75CF8A}
		{2CA09DD3-7281-4474-AF1F-6B3842B555E0} = {042C92C8-B6C6-4602-8762-0B7A4D75CF8A}
		{82303C2A-3125-467D-8D3C-05601B1BEDA6} = {4F31B45E-F786-4BC6-9F17-B2ED65239D24}
		{4BA810C6-302F-4B3E-8C92-696E800C2E41} = {6594F570-14ED-4420-9942-00D4669ADD25}
		{6594F570-14ED-4420-9942-00D4669ADD25} = {042C92C8-B6C6-4602-8762-0B7A4D75CF8A}
		{AAB4B617-0454-437A-A871-5902E701DA60} = {6594F570-14ED-4420-9942-00D4669ADD25}
		{F92EC862-D81B-4759-953F-81AA39DA2B3F} = {6594F570-14ED-4420-9942-00D4669ADD25}
		{17659D5F-8A54-46E7-94A8-530319433D7A} = {4F31B45E-F786-4BC6-9F17-B2ED65239D24}
		{67D70CF4-A6AB-4036-9287-43E36BBC4AAA} = {0A0ADA3B-BEF2-4A91-9375-E9217F089FC2}
		{CC3DB8B0-BFAE-41AA-8A3F-DD7EC96DDB72} = {0A0ADA3B-BEF2-4A91-9375-E9217F089FC2}
		{7AF18E04-B011-4CBB-BE6F-E84A7F8F6CA2} = {0A0ADA3B-BEF2-4A91-9375-E9217F089FC2}
		{71FDEDC1-FC0F-4B7A-8697-46B15F959071} = {0A0ADA3B-BEF2-4A91-9375-E9217F089FC2}
		{84A5D213-F856-4390-BE5F-09C0527DB735} = {871B6CBE-70DF-47D3-AD00-E23DF3FEA266}
	EndGlobalSection
	GlobalSection(ExtensibilityGlobals) = postSolution
		SolutionGuid = {50775A8F-4DA5-415A-83C4-B637225479F5}
	EndGlobalSection
EndGlobal
